// !$*UTF8*$!
{
	archiveVersion = 1;
	classes = {
	};
	objectVersion = 46;
	objects = {

/* Begin PBXBuildFile section */
		7CBCA713DFE0ABDAE02D7C43 /* Pods_____.framework in Frameworks */ = {isa = PBXBuildFile; fileRef = 102F5B3919FF8627959E2F5A /* Pods_____.framework */; };
		A54977051B7DBF07004E6149 /* MyCell.m in Sources */ = {isa = PBXBuildFile; fileRef = A54977031B7DBF07004E6149 /* MyCell.m */; };
		A54977061B7DBF07004E6149 /* MyCell.xib in Resources */ = {isa = PBXBuildFile; fileRef = A54977041B7DBF07004E6149 /* MyCell.xib */; };
		A549770E1B7DC6D5004E6149 /* Infos.plist in Resources */ = {isa = PBXBuildFile; fileRef = A549770D1B7DC6D5004E6149 /* Infos.plist */; };
		A54977181B7DD759004E6149 /* background.mp3 in Resources */ = {isa = PBXBuildFile; fileRef = A54977171B7DD759004E6149 /* background.mp3 */; };
		A549771B1B7DD842004E6149 /* AVFoundation.framework in Frameworks */ = {isa = PBXBuildFile; fileRef = A549771A1B7DD842004E6149 /* AVFoundation.framework */; };
		A54977231B7DDFE3004E6149 /* MediaPlayer.framework in Frameworks */ = {isa = PBXBuildFile; fileRef = A54977221B7DDFE3004E6149 /* MediaPlayer.framework */; };
		A54977291B7DE4BF004E6149 /* FirstViewController.m in Sources */ = {isa = PBXBuildFile; fileRef = A54977271B7DE4BF004E6149 /* FirstViewController.m */; };
		A549772A1B7DE4BF004E6149 /* FirstViewController.xib in Resources */ = {isa = PBXBuildFile; fileRef = A54977281B7DE4BF004E6149 /* FirstViewController.xib */; };
		A549772E1B7E0DD7004E6149 /* SecondViewController1.m in Sources */ = {isa = PBXBuildFile; fileRef = A549772C1B7E0DD7004E6149 /* SecondViewController1.m */; };
		A549772F1B7E0DD7004E6149 /* SecondViewController1.xib in Resources */ = {isa = PBXBuildFile; fileRef = A549772D1B7E0DD7004E6149 /* SecondViewController1.xib */; };
		A54977331B7E0E95004E6149 /* SecondViewController2.m in Sources */ = {isa = PBXBuildFile; fileRef = A54977311B7E0E95004E6149 /* SecondViewController2.m */; };
		A54977341B7E0E95004E6149 /* SecondViewController2.xib in Resources */ = {isa = PBXBuildFile; fileRef = A54977321B7E0E95004E6149 /* SecondViewController2.xib */; };
		A54977381B7E0EAD004E6149 /* SecondViewController3.m in Sources */ = {isa = PBXBuildFile; fileRef = A54977361B7E0EAD004E6149 /* SecondViewController3.m */; };
		A54977391B7E0EAD004E6149 /* SecondViewController3.xib in Resources */ = {isa = PBXBuildFile; fileRef = A54977371B7E0EAD004E6149 /* SecondViewController3.xib */; };
		A549773D1B7E0EC2004E6149 /* SecondViewController4.m in Sources */ = {isa = PBXBuildFile; fileRef = A549773B1B7E0EC2004E6149 /* SecondViewController4.m */; };
		A549773E1B7E0EC2004E6149 /* SecondViewController4.xib in Resources */ = {isa = PBXBuildFile; fileRef = A549773C1B7E0EC2004E6149 /* SecondViewController4.xib */; };
		A54977421B7E0ED6004E6149 /* SecondViewController5.m in Sources */ = {isa = PBXBuildFile; fileRef = A54977401B7E0ED6004E6149 /* SecondViewController5.m */; };
		A54977431B7E0ED6004E6149 /* SecondViewController5.xib in Resources */ = {isa = PBXBuildFile; fileRef = A54977411B7E0ED6004E6149 /* SecondViewController5.xib */; };
		A57A49291E76C762000C23B8 /* RegisterController.m in Sources */ = {isa = PBXBuildFile; fileRef = A57A49281E76C762000C23B8 /* RegisterController.m */; };
		A57A49321E76CA2F000C23B8 /* Foundation.framework in Frameworks */ = {isa = PBXBuildFile; fileRef = A57A49311E76CA2F000C23B8 /* Foundation.framework */; };
		A57A49341E76CA3F000C23B8 /* MessageUI.framework in Frameworks */ = {isa = PBXBuildFile; fileRef = A57A49331E76CA3F000C23B8 /* MessageUI.framework */; };
		A57A49361E76CA46000C23B8 /* AddressBook.framework in Frameworks */ = {isa = PBXBuildFile; fileRef = A57A49351E76CA46000C23B8 /* AddressBook.framework */; };
		A57A49381E76CA4D000C23B8 /* UIKit.framework in Frameworks */ = {isa = PBXBuildFile; fileRef = A57A49371E76CA4D000C23B8 /* UIKit.framework */; };
		A57A493A1E76CA57000C23B8 /* CoreGraphics.framework in Frameworks */ = {isa = PBXBuildFile; fileRef = A57A49391E76CA57000C23B8 /* CoreGraphics.framework */; };
		A57A493C1E76CAAB000C23B8 /* libicucore.dylib in Frameworks */ = {isa = PBXBuildFile; fileRef = A57A493B1E76CAAB000C23B8 /* libicucore.dylib */; };
		A57A493E1E76CABC000C23B8 /* libz.dylib in Frameworks */ = {isa = PBXBuildFile; fileRef = A57A493D1E76CABC000C23B8 /* libz.dylib */; };
		A57A49421E76D0F4000C23B8 /* SMS_SDK.framework in Frameworks */ = {isa = PBXBuildFile; fileRef = A57A49411E76D0F4000C23B8 /* SMS_SDK.framework */; };
		A57A49491E76EB24000C23B8 /* DBAccess.m in Sources */ = {isa = PBXBuildFile; fileRef = A57A49481E76EB24000C23B8 /* DBAccess.m */; };
		A57A494B1E76EB67000C23B8 /* libsqlite3.0.tbd in Frameworks */ = {isa = PBXBuildFile; fileRef = A57A494A1E76EB67000C23B8 /* libsqlite3.0.tbd */; };
		A57A494E1E76EB95000C23B8 /* User.m in Sources */ = {isa = PBXBuildFile; fileRef = A57A494D1E76EB95000C23B8 /* User.m */; };
		A580B32F1B7D01DF005ABAA0 /* ForthViewController.m in Sources */ = {isa = PBXBuildFile; fileRef = A580B32D1B7D01DF005ABAA0 /* ForthViewController.m */; };
		A580B3301B7D01DF005ABAA0 /* ForthViewController.xib in Resources */ = {isa = PBXBuildFile; fileRef = A580B32E1B7D01DF005ABAA0 /* ForthViewController.xib */; };
		A594FBC11BC8DAE800E0E59F /* place.plist in Resources */ = {isa = PBXBuildFile; fileRef = A594FBC01BC8DAE800E0E59F /* place.plist */; };
		A594FBC71BC8E98400E0E59F /* MyCells.m in Sources */ = {isa = PBXBuildFile; fileRef = A594FBC61BC8E98400E0E59F /* MyCells.m */; };
		A594FBC91BC8E99C00E0E59F /* MyCells.xib in Resources */ = {isa = PBXBuildFile; fileRef = A594FBC81BC8E99C00E0E59F /* MyCells.xib */; };
		A5A0068A1B82B7090057ED74 /* third.plist in Resources */ = {isa = PBXBuildFile; fileRef = A5A006891B82B7090057ED74 /* third.plist */; };
		A5A6CA7F1B7CC3A400B6A091 /* main.m in Sources */ = {isa = PBXBuildFile; fileRef = A5A6CA7E1B7CC3A400B6A091 /* main.m */; };
		A5A6CA821B7CC3A400B6A091 /* AppDelegate.m in Sources */ = {isa = PBXBuildFile; fileRef = A5A6CA811B7CC3A400B6A091 /* AppDelegate.m */; };
		A5A6CA851B7CC3A400B6A091 /* ViewController.m in Sources */ = {isa = PBXBuildFile; fileRef = A5A6CA841B7CC3A400B6A091 /* ViewController.m */; };
		A5A6CA881B7CC3A400B6A091 /* Main.storyboard in Resources */ = {isa = PBXBuildFile; fileRef = A5A6CA861B7CC3A400B6A091 /* Main.storyboard */; };
		A5A6CA8A1B7CC3A400B6A091 /* Images.xcassets in Resources */ = {isa = PBXBuildFile; fileRef = A5A6CA891B7CC3A400B6A091 /* Images.xcassets */; };
		A5A6CA8D1B7CC3A400B6A091 /* LaunchScreen.xib in Resources */ = {isa = PBXBuildFile; fileRef = A5A6CA8B1B7CC3A400B6A091 /* LaunchScreen.xib */; };
		A5A6CA991B7CC3A400B6A091 /* ____Tests.m in Sources */ = {isa = PBXBuildFile; fileRef = A5A6CA981B7CC3A400B6A091 /* ____Tests.m */; };
		A5A6CAF81B7CC8EC00B6A091 /* SecondViewController.m in Sources */ = {isa = PBXBuildFile; fileRef = A5A6CAF71B7CC8EC00B6A091 /* SecondViewController.m */; };
		A5A6CAFB1B7CC8F800B6A091 /* ThirdViewController.m in Sources */ = {isa = PBXBuildFile; fileRef = A5A6CAFA1B7CC8F800B6A091 /* ThirdViewController.m */; };
		A5A6CB061B7CCB7A00B6A091 /* TitleBaseViewController.m in Sources */ = {isa = PBXBuildFile; fileRef = A5A6CB051B7CCB7A00B6A091 /* TitleBaseViewController.m */; };
		A5A8F8D11B7F08E6007F60B6 /* ThirdViewController1.m in Sources */ = {isa = PBXBuildFile; fileRef = A5A8F8D01B7F08E6007F60B6 /* ThirdViewController1.m */; };
		A5B64EE11E77CEC100EB28D7 /* DatabaseHelper.m in Sources */ = {isa = PBXBuildFile; fileRef = A5B64EE01E77CEC100EB28D7 /* DatabaseHelper.m */; };
		A5B64EE51E77F30400EB28D7 /* PersonInfo.db in Resources */ = {isa = PBXBuildFile; fileRef = A5B64EE41E77F30400EB28D7 /* PersonInfo.db */; };
		A5FFCC6F1DCF185200D99784 /* A Little Love.mp3 in Resources */ = {isa = PBXBuildFile; fileRef = A5FFCC6E1DCF185200D99784 /* A Little Love.mp3 */; };
/* End PBXBuildFile section */

/* Begin PBXContainerItemProxy section */
		A5A6CA931B7CC3A400B6A091 /* PBXContainerItemProxy */ = {
			isa = PBXContainerItemProxy;
			containerPortal = A5A6CA711B7CC3A400B6A091 /* Project object */;
			proxyType = 1;
			remoteGlobalIDString = A5A6CA781B7CC3A400B6A091;
			remoteInfo = "成都生活";
		};
/* End PBXContainerItemProxy section */

/* Begin PBXFileReference section */
		0684195D12947E1A2A182356 /* Pods-成都生活.debug.xcconfig */ = {isa = PBXFileReference; includeInIndex = 1; lastKnownFileType = text.xcconfig; name = "Pods-成都生活.debug.xcconfig"; path = "Pods/Target Support Files/Pods-成都生活/Pods-成都生活.debug.xcconfig"; sourceTree = "<group>"; };
		102F5B3919FF8627959E2F5A /* Pods_____.framework */ = {isa = PBXFileReference; explicitFileType = wrapper.framework; includeInIndex = 0; path = "Pods_____.framework"; sourceTree = BUILT_PRODUCTS_DIR; };
		1DAB7B39A2A63AF8BB42233D /* Pods-成都生活.release.xcconfig */ = {isa = PBXFileReference; includeInIndex = 1; lastKnownFileType = text.xcconfig; name = "Pods-成都生活.release.xcconfig"; path = "Pods/Target Support Files/Pods-成都生活/Pods-成都生活.release.xcconfig"; sourceTree = "<group>"; };
		A525934F1F95AAF00047C6F4 /* JPrefixHeader.pch */ = {isa = PBXFileReference; lastKnownFileType = sourcecode.c.h; path = JPrefixHeader.pch; sourceTree = "<group>"; };
		A54977021B7DBF07004E6149 /* MyCell.h */ = {isa = PBXFileReference; fileEncoding = 4; lastKnownFileType = sourcecode.c.h; path = MyCell.h; sourceTree = "<group>"; };
		A54977031B7DBF07004E6149 /* MyCell.m */ = {isa = PBXFileReference; fileEncoding = 4; lastKnownFileType = sourcecode.c.objc; path = MyCell.m; sourceTree = "<group>"; };
		A54977041B7DBF07004E6149 /* MyCell.xib */ = {isa = PBXFileReference; fileEncoding = 4; lastKnownFileType = file.xib; path = MyCell.xib; sourceTree = "<group>"; };
		A549770D1B7DC6D5004E6149 /* Infos.plist */ = {isa = PBXFileReference; fileEncoding = 4; lastKnownFileType = text.plist.xml; path = Infos.plist; sourceTree = "<group>"; };
		A54977171B7DD759004E6149 /* background.mp3 */ = {isa = PBXFileReference; lastKnownFileType = audio.mp3; path = background.mp3; sourceTree = "<group>"; };
		A549771A1B7DD842004E6149 /* AVFoundation.framework */ = {isa = PBXFileReference; lastKnownFileType = wrapper.framework; name = AVFoundation.framework; path = System/Library/Frameworks/AVFoundation.framework; sourceTree = SDKROOT; };
		A54977221B7DDFE3004E6149 /* MediaPlayer.framework */ = {isa = PBXFileReference; lastKnownFileType = wrapper.framework; name = MediaPlayer.framework; path = System/Library/Frameworks/MediaPlayer.framework; sourceTree = SDKROOT; };
		A54977261B7DE4BF004E6149 /* FirstViewController.h */ = {isa = PBXFileReference; fileEncoding = 4; lastKnownFileType = sourcecode.c.h; path = FirstViewController.h; sourceTree = "<group>"; };
		A54977271B7DE4BF004E6149 /* FirstViewController.m */ = {isa = PBXFileReference; fileEncoding = 4; lastKnownFileType = sourcecode.c.objc; path = FirstViewController.m; sourceTree = "<group>"; };
		A54977281B7DE4BF004E6149 /* FirstViewController.xib */ = {isa = PBXFileReference; fileEncoding = 4; lastKnownFileType = file.xib; path = FirstViewController.xib; sourceTree = "<group>"; };
		A549772B1B7E0DD7004E6149 /* SecondViewController1.h */ = {isa = PBXFileReference; fileEncoding = 4; lastKnownFileType = sourcecode.c.h; path = SecondViewController1.h; sourceTree = "<group>"; };
		A549772C1B7E0DD7004E6149 /* SecondViewController1.m */ = {isa = PBXFileReference; fileEncoding = 4; lastKnownFileType = sourcecode.c.objc; path = SecondViewController1.m; sourceTree = "<group>"; };
		A549772D1B7E0DD7004E6149 /* SecondViewController1.xib */ = {isa = PBXFileReference; fileEncoding = 4; lastKnownFileType = file.xib; path = SecondViewController1.xib; sourceTree = "<group>"; };
		A54977301B7E0E95004E6149 /* SecondViewController2.h */ = {isa = PBXFileReference; fileEncoding = 4; lastKnownFileType = sourcecode.c.h; path = SecondViewController2.h; sourceTree = "<group>"; };
		A54977311B7E0E95004E6149 /* SecondViewController2.m */ = {isa = PBXFileReference; fileEncoding = 4; lastKnownFileType = sourcecode.c.objc; path = SecondViewController2.m; sourceTree = "<group>"; };
		A54977321B7E0E95004E6149 /* SecondViewController2.xib */ = {isa = PBXFileReference; fileEncoding = 4; lastKnownFileType = file.xib; path = SecondViewController2.xib; sourceTree = "<group>"; };
		A54977351B7E0EAD004E6149 /* SecondViewController3.h */ = {isa = PBXFileReference; fileEncoding = 4; lastKnownFileType = sourcecode.c.h; path = SecondViewController3.h; sourceTree = "<group>"; };
		A54977361B7E0EAD004E6149 /* SecondViewController3.m */ = {isa = PBXFileReference; fileEncoding = 4; lastKnownFileType = sourcecode.c.objc; path = SecondViewController3.m; sourceTree = "<group>"; };
		A54977371B7E0EAD004E6149 /* SecondViewController3.xib */ = {isa = PBXFileReference; fileEncoding = 4; lastKnownFileType = file.xib; path = SecondViewController3.xib; sourceTree = "<group>"; };
		A549773A1B7E0EC2004E6149 /* SecondViewController4.h */ = {isa = PBXFileReference; fileEncoding = 4; lastKnownFileType = sourcecode.c.h; path = SecondViewController4.h; sourceTree = "<group>"; };
		A549773B1B7E0EC2004E6149 /* SecondViewController4.m */ = {isa = PBXFileReference; fileEncoding = 4; lastKnownFileType = sourcecode.c.objc; path = SecondViewController4.m; sourceTree = "<group>"; };
		A549773C1B7E0EC2004E6149 /* SecondViewController4.xib */ = {isa = PBXFileReference; fileEncoding = 4; lastKnownFileType = file.xib; path = SecondViewController4.xib; sourceTree = "<group>"; };
		A549773F1B7E0ED6004E6149 /* SecondViewController5.h */ = {isa = PBXFileReference; fileEncoding = 4; lastKnownFileType = sourcecode.c.h; path = SecondViewController5.h; sourceTree = "<group>"; };
		A54977401B7E0ED6004E6149 /* SecondViewController5.m */ = {isa = PBXFileReference; fileEncoding = 4; lastKnownFileType = sourcecode.c.objc; path = SecondViewController5.m; sourceTree = "<group>"; };
		A54977411B7E0ED6004E6149 /* SecondViewController5.xib */ = {isa = PBXFileReference; fileEncoding = 4; lastKnownFileType = file.xib; path = SecondViewController5.xib; sourceTree = "<group>"; };
		A57A49271E76C762000C23B8 /* RegisterController.h */ = {isa = PBXFileReference; fileEncoding = 4; lastKnownFileType = sourcecode.c.h; path = RegisterController.h; sourceTree = "<group>"; };
		A57A49281E76C762000C23B8 /* RegisterController.m */ = {isa = PBXFileReference; fileEncoding = 4; lastKnownFileType = sourcecode.c.objc; path = RegisterController.m; sourceTree = "<group>"; };
		A57A49311E76CA2F000C23B8 /* Foundation.framework */ = {isa = PBXFileReference; lastKnownFileType = wrapper.framework; name = Foundation.framework; path = System/Library/Frameworks/Foundation.framework; sourceTree = SDKROOT; };
		A57A49331E76CA3F000C23B8 /* MessageUI.framework */ = {isa = PBXFileReference; lastKnownFileType = wrapper.framework; name = MessageUI.framework; path = System/Library/Frameworks/MessageUI.framework; sourceTree = SDKROOT; };
		A57A49351E76CA46000C23B8 /* AddressBook.framework */ = {isa = PBXFileReference; lastKnownFileType = wrapper.framework; name = AddressBook.framework; path = System/Library/Frameworks/AddressBook.framework; sourceTree = SDKROOT; };
		A57A49371E76CA4D000C23B8 /* UIKit.framework */ = {isa = PBXFileReference; lastKnownFileType = wrapper.framework; name = UIKit.framework; path = System/Library/Frameworks/UIKit.framework; sourceTree = SDKROOT; };
		A57A49391E76CA57000C23B8 /* CoreGraphics.framework */ = {isa = PBXFileReference; lastKnownFileType = wrapper.framework; name = CoreGraphics.framework; path = System/Library/Frameworks/CoreGraphics.framework; sourceTree = SDKROOT; };
		A57A493B1E76CAAB000C23B8 /* libicucore.dylib */ = {isa = PBXFileReference; lastKnownFileType = "compiled.mach-o.dylib"; name = libicucore.dylib; path = ../../../../../../usr/lib/libicucore.dylib; sourceTree = "<group>"; };
		A57A493D1E76CABC000C23B8 /* libz.dylib */ = {isa = PBXFileReference; lastKnownFileType = "compiled.mach-o.dylib"; name = libz.dylib; path = ../../../../../../usr/lib/libz.dylib; sourceTree = "<group>"; };
		A57A49411E76D0F4000C23B8 /* SMS_SDK.framework */ = {isa = PBXFileReference; lastKnownFileType = wrapper.framework; path = SMS_SDK.framework; sourceTree = "<group>"; };
		A57A49471E76EB24000C23B8 /* DBAccess.h */ = {isa = PBXFileReference; fileEncoding = 4; lastKnownFileType = sourcecode.c.h; path = DBAccess.h; sourceTree = "<group>"; };
		A57A49481E76EB24000C23B8 /* DBAccess.m */ = {isa = PBXFileReference; fileEncoding = 4; lastKnownFileType = sourcecode.c.objc; path = DBAccess.m; sourceTree = "<group>"; };
		A57A494A1E76EB67000C23B8 /* libsqlite3.0.tbd */ = {isa = PBXFileReference; lastKnownFileType = "sourcecode.text-based-dylib-definition"; name = libsqlite3.0.tbd; path = usr/lib/libsqlite3.0.tbd; sourceTree = SDKROOT; };
		A57A494C1E76EB95000C23B8 /* User.h */ = {isa = PBXFileReference; fileEncoding = 4; lastKnownFileType = sourcecode.c.h; path = User.h; sourceTree = "<group>"; };
		A57A494D1E76EB95000C23B8 /* User.m */ = {isa = PBXFileReference; fileEncoding = 4; lastKnownFileType = sourcecode.c.objc; path = User.m; sourceTree = "<group>"; };
		A580B32C1B7D01DF005ABAA0 /* ForthViewController.h */ = {isa = PBXFileReference; fileEncoding = 4; lastKnownFileType = sourcecode.c.h; path = ForthViewController.h; sourceTree = "<group>"; };
		A580B32D1B7D01DF005ABAA0 /* ForthViewController.m */ = {isa = PBXFileReference; fileEncoding = 4; lastKnownFileType = sourcecode.c.objc; path = ForthViewController.m; sourceTree = "<group>"; };
		A580B32E1B7D01DF005ABAA0 /* ForthViewController.xib */ = {isa = PBXFileReference; fileEncoding = 4; lastKnownFileType = file.xib; path = ForthViewController.xib; sourceTree = "<group>"; };
		A594FBC01BC8DAE800E0E59F /* place.plist */ = {isa = PBXFileReference; fileEncoding = 4; lastKnownFileType = text.plist.xml; path = place.plist; sourceTree = "<group>"; };
		A594FBC51BC8E98400E0E59F /* MyCells.h */ = {isa = PBXFileReference; fileEncoding = 4; lastKnownFileType = sourcecode.c.h; path = MyCells.h; sourceTree = "<group>"; };
		A594FBC61BC8E98400E0E59F /* MyCells.m */ = {isa = PBXFileReference; fileEncoding = 4; lastKnownFileType = sourcecode.c.objc; path = MyCells.m; sourceTree = "<group>"; };
		A594FBC81BC8E99C00E0E59F /* MyCells.xib */ = {isa = PBXFileReference; fileEncoding = 4; lastKnownFileType = file.xib; path = MyCells.xib; sourceTree = "<group>"; };
		A5A006891B82B7090057ED74 /* third.plist */ = {isa = PBXFileReference; fileEncoding = 4; lastKnownFileType = text.plist.xml; path = third.plist; sourceTree = "<group>"; };
		A5A6CA791B7CC3A400B6A091 /* 成都生活.app */ = {isa = PBXFileReference; explicitFileType = wrapper.application; includeInIndex = 0; path = "成都生活.app"; sourceTree = BUILT_PRODUCTS_DIR; };
		A5A6CA7D1B7CC3A400B6A091 /* Info.plist */ = {isa = PBXFileReference; lastKnownFileType = text.plist.xml; path = Info.plist; sourceTree = "<group>"; };
		A5A6CA7E1B7CC3A400B6A091 /* main.m */ = {isa = PBXFileReference; lastKnownFileType = sourcecode.c.objc; path = main.m; sourceTree = "<group>"; };
		A5A6CA801B7CC3A400B6A091 /* AppDelegate.h */ = {isa = PBXFileReference; lastKnownFileType = sourcecode.c.h; path = AppDelegate.h; sourceTree = "<group>"; };
		A5A6CA811B7CC3A400B6A091 /* AppDelegate.m */ = {isa = PBXFileReference; lastKnownFileType = sourcecode.c.objc; path = AppDelegate.m; sourceTree = "<group>"; };
		A5A6CA831B7CC3A400B6A091 /* ViewController.h */ = {isa = PBXFileReference; lastKnownFileType = sourcecode.c.h; path = ViewController.h; sourceTree = "<group>"; };
		A5A6CA841B7CC3A400B6A091 /* ViewController.m */ = {isa = PBXFileReference; lastKnownFileType = sourcecode.c.objc; path = ViewController.m; sourceTree = "<group>"; };
		A5A6CA871B7CC3A400B6A091 /* Base */ = {isa = PBXFileReference; lastKnownFileType = file.storyboard; name = Base; path = Base.lproj/Main.storyboard; sourceTree = "<group>"; };
		A5A6CA891B7CC3A400B6A091 /* Images.xcassets */ = {isa = PBXFileReference; lastKnownFileType = folder.assetcatalog; path = Images.xcassets; sourceTree = "<group>"; };
		A5A6CA8C1B7CC3A400B6A091 /* Base */ = {isa = PBXFileReference; lastKnownFileType = file.xib; name = Base; path = Base.lproj/LaunchScreen.xib; sourceTree = "<group>"; };
		A5A6CA921B7CC3A400B6A091 /* 成都生活Tests.xctest */ = {isa = PBXFileReference; explicitFileType = wrapper.cfbundle; includeInIndex = 0; path = "成都生活Tests.xctest"; sourceTree = BUILT_PRODUCTS_DIR; };
		A5A6CA971B7CC3A400B6A091 /* Info.plist */ = {isa = PBXFileReference; lastKnownFileType = text.plist.xml; path = Info.plist; sourceTree = "<group>"; };
		A5A6CA981B7CC3A400B6A091 /* ____Tests.m */ = {isa = PBXFileReference; lastKnownFileType = sourcecode.c.objc; path = "____Tests.m"; sourceTree = "<group>"; };
		A5A6CAF61B7CC8EC00B6A091 /* SecondViewController.h */ = {isa = PBXFileReference; fileEncoding = 4; lastKnownFileType = sourcecode.c.h; path = SecondViewController.h; sourceTree = "<group>"; };
		A5A6CAF71B7CC8EC00B6A091 /* SecondViewController.m */ = {isa = PBXFileReference; fileEncoding = 4; lastKnownFileType = sourcecode.c.objc; path = SecondViewController.m; sourceTree = "<group>"; };
		A5A6CAF91B7CC8F800B6A091 /* ThirdViewController.h */ = {isa = PBXFileReference; fileEncoding = 4; lastKnownFileType = sourcecode.c.h; path = ThirdViewController.h; sourceTree = "<group>"; };
		A5A6CAFA1B7CC8F800B6A091 /* ThirdViewController.m */ = {isa = PBXFileReference; fileEncoding = 4; lastKnownFileType = sourcecode.c.objc; path = ThirdViewController.m; sourceTree = "<group>"; };
		A5A6CB041B7CCB7A00B6A091 /* TitleBaseViewController.h */ = {isa = PBXFileReference; fileEncoding = 4; lastKnownFileType = sourcecode.c.h; path = TitleBaseViewController.h; sourceTree = "<group>"; };
		A5A6CB051B7CCB7A00B6A091 /* TitleBaseViewController.m */ = {isa = PBXFileReference; fileEncoding = 4; lastKnownFileType = sourcecode.c.objc; path = TitleBaseViewController.m; sourceTree = "<group>"; };
		A5A8F8CF1B7F08E6007F60B6 /* ThirdViewController1.h */ = {isa = PBXFileReference; fileEncoding = 4; lastKnownFileType = sourcecode.c.h; path = ThirdViewController1.h; sourceTree = "<group>"; };
		A5A8F8D01B7F08E6007F60B6 /* ThirdViewController1.m */ = {isa = PBXFileReference; fileEncoding = 4; lastKnownFileType = sourcecode.c.objc; path = ThirdViewController1.m; sourceTree = "<group>"; };
		A5B64EDF1E77CEC100EB28D7 /* DatabaseHelper.h */ = {isa = PBXFileReference; fileEncoding = 4; lastKnownFileType = sourcecode.c.h; path = DatabaseHelper.h; sourceTree = "<group>"; };
		A5B64EE01E77CEC100EB28D7 /* DatabaseHelper.m */ = {isa = PBXFileReference; fileEncoding = 4; lastKnownFileType = sourcecode.c.objc; path = DatabaseHelper.m; sourceTree = "<group>"; };
		A5B64EE41E77F30400EB28D7 /* PersonInfo.db */ = {isa = PBXFileReference; lastKnownFileType = file; path = PersonInfo.db; sourceTree = SOURCE_ROOT; };
		A5FFCC6E1DCF185200D99784 /* A Little Love.mp3 */ = {isa = PBXFileReference; lastKnownFileType = audio.mp3; path = "A Little Love.mp3"; sourceTree = "<group>"; };
/* End PBXFileReference section */

/* Begin PBXFrameworksBuildPhase section */
		A5A6CA761B7CC3A400B6A091 /* Frameworks */ = {
			isa = PBXFrameworksBuildPhase;
			buildActionMask = 2147483647;
			files = (
				A57A494B1E76EB67000C23B8 /* libsqlite3.0.tbd in Frameworks */,
				A57A493A1E76CA57000C23B8 /* CoreGraphics.framework in Frameworks */,
				A57A49421E76D0F4000C23B8 /* SMS_SDK.framework in Frameworks */,
				A57A49381E76CA4D000C23B8 /* UIKit.framework in Frameworks */,
				A57A49361E76CA46000C23B8 /* AddressBook.framework in Frameworks */,
				A57A49341E76CA3F000C23B8 /* MessageUI.framework in Frameworks */,
				A57A49321E76CA2F000C23B8 /* Foundation.framework in Frameworks */,
				A54977231B7DDFE3004E6149 /* MediaPlayer.framework in Frameworks */,
				A57A493C1E76CAAB000C23B8 /* libicucore.dylib in Frameworks */,
				A57A493E1E76CABC000C23B8 /* libz.dylib in Frameworks */,
				A549771B1B7DD842004E6149 /* AVFoundation.framework in Frameworks */,
				7CBCA713DFE0ABDAE02D7C43 /* Pods_____.framework in Frameworks */,
			);
			runOnlyForDeploymentPostprocessing = 0;
		};
		A5A6CA8F1B7CC3A400B6A091 /* Frameworks */ = {
			isa = PBXFrameworksBuildPhase;
			buildActionMask = 2147483647;
			files = (
			);
			runOnlyForDeploymentPostprocessing = 0;
		};
/* End PBXFrameworksBuildPhase section */

/* Begin PBXGroup section */
		A56198411E7A5BA0009584FB /* SQL */ = {
			isa = PBXGroup;
			children = (
			);
			name = SQL;
			sourceTree = "<group>";
		};
		A57A49261E76C720000C23B8 /* UserInfomation */ = {
			isa = PBXGroup;
			children = (
				A57A49271E76C762000C23B8 /* RegisterController.h */,
				A57A49281E76C762000C23B8 /* RegisterController.m */,
			);
			name = UserInfomation;
			sourceTree = "<group>";
		};
		A57A49301E76CA2F000C23B8 /* Frameworks */ = {
			isa = PBXGroup;
			children = (
				A57A494A1E76EB67000C23B8 /* libsqlite3.0.tbd */,
				A57A49411E76D0F4000C23B8 /* SMS_SDK.framework */,
				A54977221B7DDFE3004E6149 /* MediaPlayer.framework */,
				A549771A1B7DD842004E6149 /* AVFoundation.framework */,
				A57A493D1E76CABC000C23B8 /* libz.dylib */,
				A57A493B1E76CAAB000C23B8 /* libicucore.dylib */,
				A57A49391E76CA57000C23B8 /* CoreGraphics.framework */,
				A57A49371E76CA4D000C23B8 /* UIKit.framework */,
				A57A49351E76CA46000C23B8 /* AddressBook.framework */,
				A57A49331E76CA3F000C23B8 /* MessageUI.framework */,
				A57A49311E76CA2F000C23B8 /* Foundation.framework */,
				102F5B3919FF8627959E2F5A /* Pods_____.framework */,
			);
			name = Frameworks;
			sourceTree = "<group>";
		};
		A5A6CA701B7CC3A400B6A091 = {
			isa = PBXGroup;
			children = (
				A5A6CA7B1B7CC3A400B6A091 /* 成都生活 */,
				A5A6CA951B7CC3A400B6A091 /* 成都生活Tests */,
				A5A6CA7A1B7CC3A400B6A091 /* Products */,
				A57A49301E76CA2F000C23B8 /* Frameworks */,
				AF9A4780ACC76D0545E67939 /* Pods */,
			);
			sourceTree = "<group>";
		};
		A5A6CA7A1B7CC3A400B6A091 /* Products */ = {
			isa = PBXGroup;
			children = (
				A5A6CA791B7CC3A400B6A091 /* 成都生活.app */,
				A5A6CA921B7CC3A400B6A091 /* 成都生活Tests.xctest */,
			);
			name = Products;
			sourceTree = "<group>";
		};
		A5A6CA7B1B7CC3A400B6A091 /* 成都生活 */ = {
			isa = PBXGroup;
			children = (
				A56198411E7A5BA0009584FB /* SQL */,
				A5FFCC6E1DCF185200D99784 /* A Little Love.mp3 */,
				A54977171B7DD759004E6149 /* background.mp3 */,
				A5A6CA801B7CC3A400B6A091 /* AppDelegate.h */,
				A5A6CA811B7CC3A400B6A091 /* AppDelegate.m */,
				A5A6CA831B7CC3A400B6A091 /* ViewController.h */,
				A5A6CA841B7CC3A400B6A091 /* ViewController.m */,
				A5A6CA861B7CC3A400B6A091 /* Main.storyboard */,
				A5B64EDC1E778CD000EB28D7 /* SQLite */,
				A57A49261E76C720000C23B8 /* UserInfomation */,
				A5A6CB031B7CCB2B00B6A091 /* TitleBase */,
				A5A6CAFF1B7CCAA300B6A091 /* FirstPage */,
				A5A6CB001B7CCAAF00B6A091 /* SecondPage */,
				A5A6CB011B7CCACA00B6A091 /* ThirdPage */,
				A5A6CB021B7CCAD500B6A091 /* FourthPage */,
				A5A6CA891B7CC3A400B6A091 /* Images.xcassets */,
				A5A6CA8B1B7CC3A400B6A091 /* LaunchScreen.xib */,
				A5A6CA7C1B7CC3A400B6A091 /* Supporting Files */,
			);
			path = "成都生活";
			sourceTree = "<group>";
		};
		A5A6CA7C1B7CC3A400B6A091 /* Supporting Files */ = {
			isa = PBXGroup;
			children = (
				A5B64EE41E77F30400EB28D7 /* PersonInfo.db */,
				A5A6CA7D1B7CC3A400B6A091 /* Info.plist */,
				A5A6CA7E1B7CC3A400B6A091 /* main.m */,
				A525934F1F95AAF00047C6F4 /* JPrefixHeader.pch */,
			);
			name = "Supporting Files";
			sourceTree = "<group>";
		};
		A5A6CA951B7CC3A400B6A091 /* 成都生活Tests */ = {
			isa = PBXGroup;
			children = (
				A5A6CA981B7CC3A400B6A091 /* ____Tests.m */,
				A5A6CA961B7CC3A400B6A091 /* Supporting Files */,
			);
			path = "成都生活Tests";
			sourceTree = "<group>";
		};
		A5A6CA961B7CC3A400B6A091 /* Supporting Files */ = {
			isa = PBXGroup;
			children = (
				A5A6CA971B7CC3A400B6A091 /* Info.plist */,
			);
			name = "Supporting Files";
			sourceTree = "<group>";
		};
		A5A6CAFF1B7CCAA300B6A091 /* FirstPage */ = {
			isa = PBXGroup;
			children = (
				A54977261B7DE4BF004E6149 /* FirstViewController.h */,
				A54977271B7DE4BF004E6149 /* FirstViewController.m */,
				A54977281B7DE4BF004E6149 /* FirstViewController.xib */,
				A594FBC51BC8E98400E0E59F /* MyCells.h */,
				A594FBC61BC8E98400E0E59F /* MyCells.m */,
				A594FBC81BC8E99C00E0E59F /* MyCells.xib */,
				A594FBC01BC8DAE800E0E59F /* place.plist */,
			);
			name = FirstPage;
			sourceTree = "<group>";
		};
		A5A6CB001B7CCAAF00B6A091 /* SecondPage */ = {
			isa = PBXGroup;
			children = (
				A5A6CAF61B7CC8EC00B6A091 /* SecondViewController.h */,
				A5A6CAF71B7CC8EC00B6A091 /* SecondViewController.m */,
				A549772B1B7E0DD7004E6149 /* SecondViewController1.h */,
				A549772C1B7E0DD7004E6149 /* SecondViewController1.m */,
				A549772D1B7E0DD7004E6149 /* SecondViewController1.xib */,
				A54977301B7E0E95004E6149 /* SecondViewController2.h */,
				A54977311B7E0E95004E6149 /* SecondViewController2.m */,
				A54977321B7E0E95004E6149 /* SecondViewController2.xib */,
				A54977351B7E0EAD004E6149 /* SecondViewController3.h */,
				A54977361B7E0EAD004E6149 /* SecondViewController3.m */,
				A54977371B7E0EAD004E6149 /* SecondViewController3.xib */,
				A549773A1B7E0EC2004E6149 /* SecondViewController4.h */,
				A549773B1B7E0EC2004E6149 /* SecondViewController4.m */,
				A549773C1B7E0EC2004E6149 /* SecondViewController4.xib */,
				A549773F1B7E0ED6004E6149 /* SecondViewController5.h */,
				A54977401B7E0ED6004E6149 /* SecondViewController5.m */,
				A54977411B7E0ED6004E6149 /* SecondViewController5.xib */,
			);
			name = SecondPage;
			sourceTree = "<group>";
		};
		A5A6CB011B7CCACA00B6A091 /* ThirdPage */ = {
			isa = PBXGroup;
			children = (
				A5A6CAF91B7CC8F800B6A091 /* ThirdViewController.h */,
				A5A6CAFA1B7CC8F800B6A091 /* ThirdViewController.m */,
				A5A8F8CF1B7F08E6007F60B6 /* ThirdViewController1.h */,
				A5A8F8D01B7F08E6007F60B6 /* ThirdViewController1.m */,
				A54977021B7DBF07004E6149 /* MyCell.h */,
				A54977031B7DBF07004E6149 /* MyCell.m */,
				A54977041B7DBF07004E6149 /* MyCell.xib */,
				A5A006891B82B7090057ED74 /* third.plist */,
				A549770D1B7DC6D5004E6149 /* Infos.plist */,
			);
			name = ThirdPage;
			sourceTree = "<group>";
		};
		A5A6CB021B7CCAD500B6A091 /* FourthPage */ = {
			isa = PBXGroup;
			children = (
				A580B32C1B7D01DF005ABAA0 /* ForthViewController.h */,
				A580B32D1B7D01DF005ABAA0 /* ForthViewController.m */,
				A580B32E1B7D01DF005ABAA0 /* ForthViewController.xib */,
			);
			name = FourthPage;
			sourceTree = "<group>";
		};
		A5A6CB031B7CCB2B00B6A091 /* TitleBase */ = {
			isa = PBXGroup;
			children = (
				A5A6CB041B7CCB7A00B6A091 /* TitleBaseViewController.h */,
				A5A6CB051B7CCB7A00B6A091 /* TitleBaseViewController.m */,
			);
			name = TitleBase;
			sourceTree = "<group>";
		};
		A5B64EDC1E778CD000EB28D7 /* SQLite */ = {
			isa = PBXGroup;
			children = (
				A57A49471E76EB24000C23B8 /* DBAccess.h */,
				A57A49481E76EB24000C23B8 /* DBAccess.m */,
				A57A494C1E76EB95000C23B8 /* User.h */,
				A57A494D1E76EB95000C23B8 /* User.m */,
				A5B64EDF1E77CEC100EB28D7 /* DatabaseHelper.h */,
				A5B64EE01E77CEC100EB28D7 /* DatabaseHelper.m */,
			);
			name = SQLite;
			sourceTree = "<group>";
		};
		AF9A4780ACC76D0545E67939 /* Pods */ = {
			isa = PBXGroup;
			children = (
				0684195D12947E1A2A182356 /* Pods-成都生活.debug.xcconfig */,
				1DAB7B39A2A63AF8BB42233D /* Pods-成都生活.release.xcconfig */,
			);
			name = Pods;
			sourceTree = "<group>";
		};
/* End PBXGroup section */

/* Begin PBXNativeTarget section */
		A5A6CA781B7CC3A400B6A091 /* 成都生活 */ = {
			isa = PBXNativeTarget;
			buildConfigurationList = A5A6CA9C1B7CC3A400B6A091 /* Build configuration list for PBXNativeTarget "成都生活" */;
			buildPhases = (
				62A638E2CDA253C0D7B94DD5 /* [CP] Check Pods Manifest.lock */,
				A5A6CA751B7CC3A400B6A091 /* Sources */,
				A5A6CA761B7CC3A400B6A091 /* Frameworks */,
				A5A6CA771B7CC3A400B6A091 /* Resources */,
				F799BE447DCF397B8C6C3477 /* [CP] Embed Pods Frameworks */,
				693DE0575368C9FE9E8EBC04 /* [CP] Copy Pods Resources */,
			);
			buildRules = (
			);
			dependencies = (
			);
			name = "成都生活";
			productName = "成都生活";
			productReference = A5A6CA791B7CC3A400B6A091 /* 成都生活.app */;
			productType = "com.apple.product-type.application";
		};
		A5A6CA911B7CC3A400B6A091 /* 成都生活Tests */ = {
			isa = PBXNativeTarget;
			buildConfigurationList = A5A6CA9F1B7CC3A400B6A091 /* Build configuration list for PBXNativeTarget "成都生活Tests" */;
			buildPhases = (
				A5A6CA8E1B7CC3A400B6A091 /* Sources */,
				A5A6CA8F1B7CC3A400B6A091 /* Frameworks */,
				A5A6CA901B7CC3A400B6A091 /* Resources */,
			);
			buildRules = (
			);
			dependencies = (
				A5A6CA941B7CC3A400B6A091 /* PBXTargetDependency */,
			);
			name = "成都生活Tests";
			productName = "成都生活Tests";
			productReference = A5A6CA921B7CC3A400B6A091 /* 成都生活Tests.xctest */;
			productType = "com.apple.product-type.bundle.unit-test";
		};
/* End PBXNativeTarget section */

/* Begin PBXProject section */
		A5A6CA711B7CC3A400B6A091 /* Project object */ = {
			isa = PBXProject;
			attributes = {
				LastUpgradeCheck = 0900;
				ORGANIZATIONNAME = "刘晓微";
				TargetAttributes = {
					A5A6CA781B7CC3A400B6A091 = {
						CreatedOnToolsVersion = 6.3;
						DevelopmentTeam = Q27ZRZ24S6;
						SystemCapabilities = {
							com.apple.BackgroundModes = {
								enabled = 0;
							};
						};
					};
					A5A6CA911B7CC3A400B6A091 = {
						CreatedOnToolsVersion = 6.3;
						TestTargetID = A5A6CA781B7CC3A400B6A091;
					};
				};
			};
			buildConfigurationList = A5A6CA741B7CC3A400B6A091 /* Build configuration list for PBXProject "成都生活" */;
			compatibilityVersion = "Xcode 3.2";
			developmentRegion = English;
			hasScannedForEncodings = 0;
			knownRegions = (
				en,
				Base,
			);
			mainGroup = A5A6CA701B7CC3A400B6A091;
			productRefGroup = A5A6CA7A1B7CC3A400B6A091 /* Products */;
			projectDirPath = "";
			projectRoot = "";
			targets = (
				A5A6CA781B7CC3A400B6A091 /* 成都生活 */,
				A5A6CA911B7CC3A400B6A091 /* 成都生活Tests */,
			);
		};
/* End PBXProject section */

/* Begin PBXResourcesBuildPhase section */
		A5A6CA771B7CC3A400B6A091 /* Resources */ = {
			isa = PBXResourcesBuildPhase;
			buildActionMask = 2147483647;
			files = (
				A5FFCC6F1DCF185200D99784 /* A Little Love.mp3 in Resources */,
				A54977431B7E0ED6004E6149 /* SecondViewController5.xib in Resources */,
				A54977391B7E0EAD004E6149 /* SecondViewController3.xib in Resources */,
				A5A0068A1B82B7090057ED74 /* third.plist in Resources */,
				A594FBC91BC8E99C00E0E59F /* MyCells.xib in Resources */,
				A549770E1B7DC6D5004E6149 /* Infos.plist in Resources */,
				A594FBC11BC8DAE800E0E59F /* place.plist in Resources */,
				A549772A1B7DE4BF004E6149 /* FirstViewController.xib in Resources */,
				A54977341B7E0E95004E6149 /* SecondViewController2.xib in Resources */,
				A580B3301B7D01DF005ABAA0 /* ForthViewController.xib in Resources */,
				A549772F1B7E0DD7004E6149 /* SecondViewController1.xib in Resources */,
				A54977181B7DD759004E6149 /* background.mp3 in Resources */,
				A5A6CA881B7CC3A400B6A091 /* Main.storyboard in Resources */,
				A5A6CA8D1B7CC3A400B6A091 /* LaunchScreen.xib in Resources */,
				A5A6CA8A1B7CC3A400B6A091 /* Images.xcassets in Resources */,
				A54977061B7DBF07004E6149 /* MyCell.xib in Resources */,
				A5B64EE51E77F30400EB28D7 /* PersonInfo.db in Resources */,
				A549773E1B7E0EC2004E6149 /* SecondViewController4.xib in Resources */,
			);
			runOnlyForDeploymentPostprocessing = 0;
		};
		A5A6CA901B7CC3A400B6A091 /* Resources */ = {
			isa = PBXResourcesBuildPhase;
			buildActionMask = 2147483647;
			files = (
			);
			runOnlyForDeploymentPostprocessing = 0;
		};
/* End PBXResourcesBuildPhase section */

/* Begin PBXShellScriptBuildPhase section */
		62A638E2CDA253C0D7B94DD5 /* [CP] Check Pods Manifest.lock */ = {
			isa = PBXShellScriptBuildPhase;
			buildActionMask = 2147483647;
			files = (
			);
			inputPaths = (
				"${PODS_PODFILE_DIR_PATH}/Podfile.lock",
				"${PODS_ROOT}/Manifest.lock",
			);
			name = "[CP] Check Pods Manifest.lock";
			outputPaths = (
				"$(DERIVED_FILE_DIR)/Pods-成都生活-checkManifestLockResult.txt",
			);
			runOnlyForDeploymentPostprocessing = 0;
			shellPath = /bin/sh;
			shellScript = "diff \"${PODS_PODFILE_DIR_PATH}/Podfile.lock\" \"${PODS_ROOT}/Manifest.lock\" > /dev/null\nif [ $? != 0 ] ; then\n    # print error to STDERR\n    echo \"error: The sandbox is not in sync with the Podfile.lock. Run 'pod install' or update your CocoaPods installation.\" >&2\n    exit 1\nfi\n# This output is used by Xcode 'outputs' to avoid re-running this script phase.\necho \"SUCCESS\" > \"${SCRIPT_OUTPUT_FILE_0}\"\n";
			showEnvVarsInLog = 0;
		};
		693DE0575368C9FE9E8EBC04 /* [CP] Copy Pods Resources */ = {
			isa = PBXShellScriptBuildPhase;
			buildActionMask = 2147483647;
			files = (
			);
			inputPaths = (
			);
			name = "[CP] Copy Pods Resources";
			outputPaths = (
			);
			runOnlyForDeploymentPostprocessing = 0;
			shellPath = /bin/sh;
			shellScript = "\"${SRCROOT}/Pods/Target Support Files/Pods-成都生活/Pods-成都生活-resources.sh\"\n";
			showEnvVarsInLog = 0;
		};
		F799BE447DCF397B8C6C3477 /* [CP] Embed Pods Frameworks */ = {
			isa = PBXShellScriptBuildPhase;
			buildActionMask = 2147483647;
			files = (
			);
			inputPaths = (
				"${SRCROOT}/Pods/Target Support Files/Pods-成都生活/Pods-成都生活-frameworks.sh",
				"${BUILT_PRODUCTS_DIR}/Masonry/Masonry.framework",
			);
			name = "[CP] Embed Pods Frameworks";
			outputPaths = (
				"${TARGET_BUILD_DIR}/${FRAMEWORKS_FOLDER_PATH}/Masonry.framework",
			);
			runOnlyForDeploymentPostprocessing = 0;
			shellPath = /bin/sh;
			shellScript = "\"${SRCROOT}/Pods/Target Support Files/Pods-成都生活/Pods-成都生活-frameworks.sh\"\n";
			showEnvVarsInLog = 0;
		};
/* End PBXShellScriptBuildPhase section */

/* Begin PBXSourcesBuildPhase section */
		A5A6CA751B7CC3A400B6A091 /* Sources */ = {
			isa = PBXSourcesBuildPhase;
			buildActionMask = 2147483647;
			files = (
				A5B64EE11E77CEC100EB28D7 /* DatabaseHelper.m in Sources */,
				A54977381B7E0EAD004E6149 /* SecondViewController3.m in Sources */,
				A549772E1B7E0DD7004E6149 /* SecondViewController1.m in Sources */,
				A54977421B7E0ED6004E6149 /* SecondViewController5.m in Sources */,
				A57A49491E76EB24000C23B8 /* DBAccess.m in Sources */,
				A5A6CB061B7CCB7A00B6A091 /* TitleBaseViewController.m in Sources */,
				A54977291B7DE4BF004E6149 /* FirstViewController.m in Sources */,
				A5A6CAF81B7CC8EC00B6A091 /* SecondViewController.m in Sources */,
				A580B32F1B7D01DF005ABAA0 /* ForthViewController.m in Sources */,
				A54977331B7E0E95004E6149 /* SecondViewController2.m in Sources */,
				A5A6CA851B7CC3A400B6A091 /* ViewController.m in Sources */,
				A549773D1B7E0EC2004E6149 /* SecondViewController4.m in Sources */,
				A5A8F8D11B7F08E6007F60B6 /* ThirdViewController1.m in Sources */,
				A5A6CAFB1B7CC8F800B6A091 /* ThirdViewController.m in Sources */,
				A54977051B7DBF07004E6149 /* MyCell.m in Sources */,
				A594FBC71BC8E98400E0E59F /* MyCells.m in Sources */,
				A57A494E1E76EB95000C23B8 /* User.m in Sources */,
				A57A49291E76C762000C23B8 /* RegisterController.m in Sources */,
				A5A6CA821B7CC3A400B6A091 /* AppDelegate.m in Sources */,
				A5A6CA7F1B7CC3A400B6A091 /* main.m in Sources */,
			);
			runOnlyForDeploymentPostprocessing = 0;
		};
		A5A6CA8E1B7CC3A400B6A091 /* Sources */ = {
			isa = PBXSourcesBuildPhase;
			buildActionMask = 2147483647;
			files = (
				A5A6CA991B7CC3A400B6A091 /* ____Tests.m in Sources */,
			);
			runOnlyForDeploymentPostprocessing = 0;
		};
/* End PBXSourcesBuildPhase section */

/* Begin PBXTargetDependency section */
		A5A6CA941B7CC3A400B6A091 /* PBXTargetDependency */ = {
			isa = PBXTargetDependency;
			target = A5A6CA781B7CC3A400B6A091 /* 成都生活 */;
			targetProxy = A5A6CA931B7CC3A400B6A091 /* PBXContainerItemProxy */;
		};
/* End PBXTargetDependency section */

/* Begin PBXVariantGroup section */
		A5A6CA861B7CC3A400B6A091 /* Main.storyboard */ = {
			isa = PBXVariantGroup;
			children = (
				A5A6CA871B7CC3A400B6A091 /* Base */,
			);
			name = Main.storyboard;
			sourceTree = "<group>";
		};
		A5A6CA8B1B7CC3A400B6A091 /* LaunchScreen.xib */ = {
			isa = PBXVariantGroup;
			children = (
				A5A6CA8C1B7CC3A400B6A091 /* Base */,
			);
			name = LaunchScreen.xib;
			sourceTree = "<group>";
		};
/* End PBXVariantGroup section */

/* Begin XCBuildConfiguration section */
		A5A6CA9A1B7CC3A400B6A091 /* Debug */ = {
			isa = XCBuildConfiguration;
			buildSettings = {
				ALWAYS_SEARCH_USER_PATHS = NO;
				CLANG_CXX_LANGUAGE_STANDARD = "gnu++0x";
				CLANG_CXX_LIBRARY = "libc++";
				CLANG_ENABLE_MODULES = YES;
				CLANG_ENABLE_OBJC_ARC = YES;
				CLANG_WARN_BLOCK_CAPTURE_AUTORELEASING = YES;
				CLANG_WARN_BOOL_CONVERSION = YES;
				CLANG_WARN_COMMA = YES;
				CLANG_WARN_CONSTANT_CONVERSION = YES;
				CLANG_WARN_DIRECT_OBJC_ISA_USAGE = YES_ERROR;
				CLANG_WARN_EMPTY_BODY = YES;
				CLANG_WARN_ENUM_CONVERSION = YES;
				CLANG_WARN_INFINITE_RECURSION = YES;
				CLANG_WARN_INT_CONVERSION = YES;
				CLANG_WARN_NON_LITERAL_NULL_CONVERSION = YES;
				CLANG_WARN_OBJC_LITERAL_CONVERSION = YES;
				CLANG_WARN_OBJC_ROOT_CLASS = YES_ERROR;
				CLANG_WARN_RANGE_LOOP_ANALYSIS = YES;
				CLANG_WARN_STRICT_PROTOTYPES = YES;
				CLANG_WARN_SUSPICIOUS_MOVE = YES;
				CLANG_WARN_UNREACHABLE_CODE = YES;
				CLANG_WARN__DUPLICATE_METHOD_MATCH = YES;
				"CODE_SIGN_IDENTITY[sdk=iphoneos*]" = "iPhone Developer";
				COPY_PHASE_STRIP = NO;
				DEBUG_INFORMATION_FORMAT = "dwarf-with-dsym";
				ENABLE_STRICT_OBJC_MSGSEND = YES;
				ENABLE_TESTABILITY = YES;
				GCC_C_LANGUAGE_STANDARD = gnu99;
				GCC_DYNAMIC_NO_PIC = NO;
				GCC_NO_COMMON_BLOCKS = YES;
				GCC_OPTIMIZATION_LEVEL = 0;
				GCC_PREPROCESSOR_DEFINITIONS = (
					"DEBUG=1",
					"$(inherited)",
				);
				GCC_SYMBOLS_PRIVATE_EXTERN = NO;
				GCC_WARN_64_TO_32_BIT_CONVERSION = YES;
				GCC_WARN_ABOUT_RETURN_TYPE = YES_ERROR;
				GCC_WARN_UNDECLARED_SELECTOR = YES;
				GCC_WARN_UNINITIALIZED_AUTOS = YES_AGGRESSIVE;
				GCC_WARN_UNUSED_FUNCTION = YES;
				GCC_WARN_UNUSED_VARIABLE = YES;
				IPHONEOS_DEPLOYMENT_TARGET = 8.3;
				MTL_ENABLE_DEBUG_INFO = YES;
				ONLY_ACTIVE_ARCH = YES;
				SDKROOT = iphoneos;
			};
			name = Debug;
		};
		A5A6CA9B1B7CC3A400B6A091 /* Release */ = {
			isa = XCBuildConfiguration;
			buildSettings = {
				ALWAYS_SEARCH_USER_PATHS = NO;
				CLANG_CXX_LANGUAGE_STANDARD = "gnu++0x";
				CLANG_CXX_LIBRARY = "libc++";
				CLANG_ENABLE_MODULES = YES;
				CLANG_ENABLE_OBJC_ARC = YES;
				CLANG_WARN_BLOCK_CAPTURE_AUTORELEASING = YES;
				CLANG_WARN_BOOL_CONVERSION = YES;
				CLANG_WARN_COMMA = YES;
				CLANG_WARN_CONSTANT_CONVERSION = YES;
				CLANG_WARN_DIRECT_OBJC_ISA_USAGE = YES_ERROR;
				CLANG_WARN_EMPTY_BODY = YES;
				CLANG_WARN_ENUM_CONVERSION = YES;
				CLANG_WARN_INFINITE_RECURSION = YES;
				CLANG_WARN_INT_CONVERSION = YES;
				CLANG_WARN_NON_LITERAL_NULL_CONVERSION = YES;
				CLANG_WARN_OBJC_LITERAL_CONVERSION = YES;
				CLANG_WARN_OBJC_ROOT_CLASS = YES_ERROR;
				CLANG_WARN_RANGE_LOOP_ANALYSIS = YES;
				CLANG_WARN_STRICT_PROTOTYPES = YES;
				CLANG_WARN_SUSPICIOUS_MOVE = YES;
				CLANG_WARN_UNREACHABLE_CODE = YES;
				CLANG_WARN__DUPLICATE_METHOD_MATCH = YES;
				"CODE_SIGN_IDENTITY[sdk=iphoneos*]" = "iPhone Developer";
				COPY_PHASE_STRIP = NO;
				DEBUG_INFORMATION_FORMAT = "dwarf-with-dsym";
				ENABLE_NS_ASSERTIONS = NO;
				ENABLE_STRICT_OBJC_MSGSEND = YES;
				GCC_C_LANGUAGE_STANDARD = gnu99;
				GCC_NO_COMMON_BLOCKS = YES;
				GCC_WARN_64_TO_32_BIT_CONVERSION = YES;
				GCC_WARN_ABOUT_RETURN_TYPE = YES_ERROR;
				GCC_WARN_UNDECLARED_SELECTOR = YES;
				GCC_WARN_UNINITIALIZED_AUTOS = YES_AGGRESSIVE;
				GCC_WARN_UNUSED_FUNCTION = YES;
				GCC_WARN_UNUSED_VARIABLE = YES;
				IPHONEOS_DEPLOYMENT_TARGET = 8.3;
				MTL_ENABLE_DEBUG_INFO = NO;
				SDKROOT = iphoneos;
				VALIDATE_PRODUCT = YES;
			};
			name = Release;
		};
		A5A6CA9D1B7CC3A400B6A091 /* Debug */ = {
			isa = XCBuildConfiguration;
			baseConfigurationReference = 0684195D12947E1A2A182356 /* Pods-成都生活.debug.xcconfig */;
			buildSettings = {
				ASSETCATALOG_COMPILER_APPICON_NAME = AppIcon;
				DEVELOPMENT_TEAM = Q27ZRZ24S6;
				FRAMEWORK_SEARCH_PATHS = (
					"$(inherited)",
					"$(PROJECT_DIR)",
				);
				GCC_PREFIX_HEADER = "$(SRCROOT)/成都生活/JPrefixHeader.pch";
				INFOPLIST_FILE = "成都生活/Info.plist";
				IPHONEOS_DEPLOYMENT_TARGET = 10.2;
				LD_RUNPATH_SEARCH_PATHS = "$(inherited) @executable_path/Frameworks";
				PRODUCT_BUNDLE_IDENTIFIER = juju.ScrollViewDemo;
				PRODUCT_NAME = "$(TARGET_NAME)";
				USER_HEADER_SEARCH_PATHS = "${SRCROOT}/**";
			};
			name = Debug;
		};
		A5A6CA9E1B7CC3A400B6A091 /* Release */ = {
			isa = XCBuildConfiguration;
			baseConfigurationReference = 1DAB7B39A2A63AF8BB42233D /* Pods-成都生活.release.xcconfig */;
			buildSettings = {
				ASSETCATALOG_COMPILER_APPICON_NAME = AppIcon;
				DEVELOPMENT_TEAM = Q27ZRZ24S6;
				FRAMEWORK_SEARCH_PATHS = (
					"$(inherited)",
					"$(PROJECT_DIR)",
				);
				GCC_PREFIX_HEADER = "$(SRCROOT)/成都生活/JPrefixHeader.pch";
				INFOPLIST_FILE = "成都生活/Info.plist";
				IPHONEOS_DEPLOYMENT_TARGET = 10.2;
				LD_RUNPATH_SEARCH_PATHS = "$(inherited) @executable_path/Frameworks";
				PRODUCT_BUNDLE_IDENTIFIER = juju.ScrollViewDemo;
				PRODUCT_NAME = "$(TARGET_NAME)";
				USER_HEADER_SEARCH_PATHS = "${SRCROOT}/**";
			};
			name = Release;
		};
		A5A6CAA01B7CC3A400B6A091 /* Debug */ = {
			isa = XCBuildConfiguration;
			buildSettings = {
				BUNDLE_LOADER = "$(TEST_HOST)";
				FRAMEWORK_SEARCH_PATHS = (
					"$(SDKROOT)/Developer/Library/Frameworks",
					"$(inherited)",
				);
				GCC_PREPROCESSOR_DEFINITIONS = (
					"DEBUG=1",
					"$(inherited)",
				);
				INFOPLIST_FILE = "成都生活Tests/Info.plist";
				LD_RUNPATH_SEARCH_PATHS = "$(inherited) @executable_path/Frameworks @loader_path/Frameworks";
				PRODUCT_BUNDLE_IDENTIFIER = "juju.$(PRODUCT_NAME:rfc1034identifier)";
				PRODUCT_NAME = "$(TARGET_NAME)";
				TEST_HOST = "$(BUILT_PRODUCTS_DIR)/成都生活.app/成都生活";
			};
			name = Debug;
		};
		A5A6CAA11B7CC3A400B6A091 /* Release */ = {
			isa = XCBuildConfiguration;
			buildSettings = {
				BUNDLE_LOADER = "$(TEST_HOST)";
				FRAMEWORK_SEARCH_PATHS = (
					"$(SDKROOT)/Developer/Library/Frameworks",
					"$(inherited)",
				);
				INFOPLIST_FILE = "成都生活Tests/Info.plist";
				LD_RUNPATH_SEARCH_PATHS = "$(inherited) @executable_path/Frameworks @loader_path/Frameworks";
				PRODUCT_BUNDLE_IDENTIFIER = "juju.$(PRODUCT_NAME:rfc1034identifier)";
				PRODUCT_NAME = "$(TARGET_NAME)";
				TEST_HOST = "$(BUILT_PRODUCTS_DIR)/成都生活.app/成都生活";
			};
			name = Release;
		};
/* End XCBuildConfiguration section */

/* Begin XCConfigurationList section */
		A5A6CA741B7CC3A400B6A091 /* Build configuration list for PBXProject "成都生活" */ = {
			isa = XCConfigurationList;
			buildConfigurations = (
				A5A6CA9A1B7CC3A400B6A091 /* Debug */,
				A5A6CA9B1B7CC3A400B6A091 /* Release */,
			);
			defaultConfigurationIsVisible = 0;
			defaultConfigurationName = Release;
		};
		A5A6CA9C1B7CC3A400B6A091 /* Build configuration list for PBXNativeTarget "成都生活" */ = {
			isa = XCConfigurationList;
			buildConfigurations = (
				A5A6CA9D1B7CC3A400B6A091 /* Debug */,
				A5A6CA9E1B7CC3A400B6A091 /* Release */,
			);
			defaultConfigurationIsVisible = 0;
			defaultConfigurationName = Release;
		};
		A5A6CA9F1B7CC3A400B6A091 /* Build configuration list for PBXNativeTarget "成都生活Tests" */ = {
			isa = XCConfigurationList;
			buildConfigurations = (
				A5A6CAA01B7CC3A400B6A091 /* Debug */,
				A5A6CAA11B7CC3A400B6A091 /* Release */,
			);
			defaultConfigurationIsVisible = 0;
			defaultConfigurationName = Release;
		};
/* End XCConfigurationList section */
	};
	rootObject = A5A6CA711B7CC3A400B6A091 /* Project object */;
}
