// !$*UTF8*$!
{
	archiveVersion = 1;
	classes = {
	};
	objectVersion = 46;
	objects = {

/* Begin PBXBuildFile section */
		A54977051B7DBF07004E6149 /* MyCell.m in Sources */ = {isa = PBXBuildFile; fileRef = A54977031B7DBF07004E6149 /* MyCell.m */; };
		A54977061B7DBF07004E6149 /* MyCell.xib in Resources */ = {isa = PBXBuildFile; fileRef = A54977041B7DBF07004E6149 /* MyCell.xib */; };
		A549770E1B7DC6D5004E6149 /* Infos.plist in Resources */ = {isa = PBXBuildFile; fileRef = A549770D1B7DC6D5004E6149 /* Infos.plist */; };
		A54977131B7DCCFD004E6149 /* 武侯祠.jpg in Resources */ = {isa = PBXBuildFile; fileRef = A549770F1B7DCCFD004E6149 /* 武侯祠.jpg */; };
		A54977141B7DCCFD004E6149 /* 武侯祠1.jpg in Resources */ = {isa = PBXBuildFile; fileRef = A54977101B7DCCFD004E6149 /* 武侯祠1.jpg */; };
		A54977151B7DCCFD004E6149 /* 武侯祠2.jpg in Resources */ = {isa = PBXBuildFile; fileRef = A54977111B7DCCFD004E6149 /* 武侯祠2.jpg */; };
		A54977161B7DCCFD004E6149 /* 武侯祠3.jpg in Resources */ = {isa = PBXBuildFile; fileRef = A54977121B7DCCFD004E6149 /* 武侯祠3.jpg */; };
		A54977181B7DD759004E6149 /* background.mp3 in Resources */ = {isa = PBXBuildFile; fileRef = A54977171B7DD759004E6149 /* background.mp3 */; };
		A549771B1B7DD842004E6149 /* AVFoundation.framework in Frameworks */ = {isa = PBXBuildFile; fileRef = A549771A1B7DD842004E6149 /* AVFoundation.framework */; };
		A54977231B7DDFE3004E6149 /* MediaPlayer.framework in Frameworks */ = {isa = PBXBuildFile; fileRef = A54977221B7DDFE3004E6149 /* MediaPlayer.framework */; };
		A54977291B7DE4BF004E6149 /* FirstViewController.m in Sources */ = {isa = PBXBuildFile; fileRef = A54977271B7DE4BF004E6149 /* FirstViewController.m */; };
		A549772A1B7DE4BF004E6149 /* FirstViewController.xib in Resources */ = {isa = PBXBuildFile; fileRef = A54977281B7DE4BF004E6149 /* FirstViewController.xib */; };
		A549772E1B7E0DD7004E6149 /* SecondViewController1.m in Sources */ = {isa = PBXBuildFile; fileRef = A549772C1B7E0DD7004E6149 /* SecondViewController1.m */; };
		A549772F1B7E0DD7004E6149 /* SecondViewController1.xib in Resources */ = {isa = PBXBuildFile; fileRef = A549772D1B7E0DD7004E6149 /* SecondViewController1.xib */; };
		A54977331B7E0E95004E6149 /* SecondViewController2.m in Sources */ = {isa = PBXBuildFile; fileRef = A54977311B7E0E95004E6149 /* SecondViewController2.m */; };
		A54977341B7E0E95004E6149 /* SecondViewController2.xib in Resources */ = {isa = PBXBuildFile; fileRef = A54977321B7E0E95004E6149 /* SecondViewController2.xib */; };
		A54977381B7E0EAD004E6149 /* SecondViewController3.m in Sources */ = {isa = PBXBuildFile; fileRef = A54977361B7E0EAD004E6149 /* SecondViewController3.m */; };
		A54977391B7E0EAD004E6149 /* SecondViewController3.xib in Resources */ = {isa = PBXBuildFile; fileRef = A54977371B7E0EAD004E6149 /* SecondViewController3.xib */; };
		A549773D1B7E0EC2004E6149 /* SecondViewController4.m in Sources */ = {isa = PBXBuildFile; fileRef = A549773B1B7E0EC2004E6149 /* SecondViewController4.m */; };
		A549773E1B7E0EC2004E6149 /* SecondViewController4.xib in Resources */ = {isa = PBXBuildFile; fileRef = A549773C1B7E0EC2004E6149 /* SecondViewController4.xib */; };
		A54977421B7E0ED6004E6149 /* SecondViewController5.m in Sources */ = {isa = PBXBuildFile; fileRef = A54977401B7E0ED6004E6149 /* SecondViewController5.m */; };
		A54977431B7E0ED6004E6149 /* SecondViewController5.xib in Resources */ = {isa = PBXBuildFile; fileRef = A54977411B7E0ED6004E6149 /* SecondViewController5.xib */; };
		A565778F1B7E4EE600BE0C8B /* 返回箭头.png in Resources */ = {isa = PBXBuildFile; fileRef = A565778E1B7E4EE600BE0C8B /* 返回箭头.png */; };
		A580B32F1B7D01DF005ABAA0 /* ForthViewController.m in Sources */ = {isa = PBXBuildFile; fileRef = A580B32D1B7D01DF005ABAA0 /* ForthViewController.m */; };
		A580B3301B7D01DF005ABAA0 /* ForthViewController.xib in Resources */ = {isa = PBXBuildFile; fileRef = A580B32E1B7D01DF005ABAA0 /* ForthViewController.xib */; };
		A594FBC11BC8DAE800E0E59F /* place.plist in Resources */ = {isa = PBXBuildFile; fileRef = A594FBC01BC8DAE800E0E59F /* place.plist */; };
		A594FBC71BC8E98400E0E59F /* MyCells.m in Sources */ = {isa = PBXBuildFile; fileRef = A594FBC61BC8E98400E0E59F /* MyCells.m */; };
		A594FBC91BC8E99C00E0E59F /* MyCells.xib in Resources */ = {isa = PBXBuildFile; fileRef = A594FBC81BC8E99C00E0E59F /* MyCells.xib */; };
		A594FBE51BC8FA3400E0E59F /* changjiang.png in Resources */ = {isa = PBXBuildFile; fileRef = A594FBDD1BC8FA3400E0E59F /* changjiang.png */; };
		A594FBE61BC8FA3400E0E59F /* dazu.png in Resources */ = {isa = PBXBuildFile; fileRef = A594FBDE1BC8FA3400E0E59F /* dazu.png */; };
		A594FBE71BC8FA3400E0E59F /* huagu.png in Resources */ = {isa = PBXBuildFile; fileRef = A594FBDF1BC8FA3400E0E59F /* huagu.png */; };
		A594FBE81BC8FA3400E0E59F /* jinfoshan.png in Resources */ = {isa = PBXBuildFile; fileRef = A594FBE01BC8FA3400E0E59F /* jinfoshan.png */; };
		A594FBE91BC8FA3400E0E59F /* jinfoshan2.png in Resources */ = {isa = PBXBuildFile; fileRef = A594FBE11BC8FA3400E0E59F /* jinfoshan2.png */; };
		A594FBEA1BC8FA3400E0E59F /* piaoliu.png in Resources */ = {isa = PBXBuildFile; fileRef = A594FBE21BC8FA3400E0E59F /* piaoliu.png */; };
		A594FBEB1BC8FA3400E0E59F /* tiansheng1.png in Resources */ = {isa = PBXBuildFile; fileRef = A594FBE31BC8FA3400E0E59F /* tiansheng1.png */; };
		A594FBEC1BC8FA3400E0E59F /* wulong.png in Resources */ = {isa = PBXBuildFile; fileRef = A594FBE41BC8FA3400E0E59F /* wulong.png */; };
		A5A0068A1B82B7090057ED74 /* third.plist in Resources */ = {isa = PBXBuildFile; fileRef = A5A006891B82B7090057ED74 /* third.plist */; };
		A5A6CA7F1B7CC3A400B6A091 /* main.m in Sources */ = {isa = PBXBuildFile; fileRef = A5A6CA7E1B7CC3A400B6A091 /* main.m */; };
		A5A6CA821B7CC3A400B6A091 /* AppDelegate.m in Sources */ = {isa = PBXBuildFile; fileRef = A5A6CA811B7CC3A400B6A091 /* AppDelegate.m */; };
		A5A6CA851B7CC3A400B6A091 /* ViewController.m in Sources */ = {isa = PBXBuildFile; fileRef = A5A6CA841B7CC3A400B6A091 /* ViewController.m */; };
		A5A6CA881B7CC3A400B6A091 /* Main.storyboard in Resources */ = {isa = PBXBuildFile; fileRef = A5A6CA861B7CC3A400B6A091 /* Main.storyboard */; };
		A5A6CA8A1B7CC3A400B6A091 /* Images.xcassets in Resources */ = {isa = PBXBuildFile; fileRef = A5A6CA891B7CC3A400B6A091 /* Images.xcassets */; };
		A5A6CA8D1B7CC3A400B6A091 /* LaunchScreen.xib in Resources */ = {isa = PBXBuildFile; fileRef = A5A6CA8B1B7CC3A400B6A091 /* LaunchScreen.xib */; };
		A5A6CA991B7CC3A400B6A091 /* ____Tests.m in Sources */ = {isa = PBXBuildFile; fileRef = A5A6CA981B7CC3A400B6A091 /* ____Tests.m */; };
		A5A6CACB1B7CC3ED00B6A091 /* 杜甫草堂.jpg in Resources */ = {isa = PBXBuildFile; fileRef = A5A6CAA31B7CC3ED00B6A091 /* 杜甫草堂.jpg */; };
		A5A6CACC1B7CC3ED00B6A091 /* 杜甫草堂1.jpg in Resources */ = {isa = PBXBuildFile; fileRef = A5A6CAA41B7CC3ED00B6A091 /* 杜甫草堂1.jpg */; };
		A5A6CACD1B7CC3ED00B6A091 /* 杜甫草堂2.jpg in Resources */ = {isa = PBXBuildFile; fileRef = A5A6CAA51B7CC3ED00B6A091 /* 杜甫草堂2.jpg */; };
		A5A6CACE1B7CC3ED00B6A091 /* 杜甫草堂3.jpg in Resources */ = {isa = PBXBuildFile; fileRef = A5A6CAA61B7CC3ED00B6A091 /* 杜甫草堂3.jpg */; };
		A5A6CACF1B7CC3ED00B6A091 /* 欢乐谷.jpg in Resources */ = {isa = PBXBuildFile; fileRef = A5A6CAA71B7CC3ED00B6A091 /* 欢乐谷.jpg */; };
		A5A6CAD01B7CC3ED00B6A091 /* 欢乐谷1.jpg in Resources */ = {isa = PBXBuildFile; fileRef = A5A6CAA81B7CC3ED00B6A091 /* 欢乐谷1.jpg */; };
		A5A6CAD11B7CC3ED00B6A091 /* 欢乐谷2.jpg in Resources */ = {isa = PBXBuildFile; fileRef = A5A6CAA91B7CC3ED00B6A091 /* 欢乐谷2.jpg */; };
		A5A6CAD21B7CC3ED00B6A091 /* 欢乐谷3.jpg in Resources */ = {isa = PBXBuildFile; fileRef = A5A6CAAA1B7CC3ED00B6A091 /* 欢乐谷3.jpg */; };
		A5A6CAD31B7CC3ED00B6A091 /* 锦里.jpg in Resources */ = {isa = PBXBuildFile; fileRef = A5A6CAAB1B7CC3ED00B6A091 /* 锦里.jpg */; };
		A5A6CAD41B7CC3ED00B6A091 /* 锦里1.jpg in Resources */ = {isa = PBXBuildFile; fileRef = A5A6CAAC1B7CC3ED00B6A091 /* 锦里1.jpg */; };
		A5A6CAD51B7CC3ED00B6A091 /* 宽窄巷子.jpg in Resources */ = {isa = PBXBuildFile; fileRef = A5A6CAAD1B7CC3ED00B6A091 /* 宽窄巷子.jpg */; };
		A5A6CAD61B7CC3ED00B6A091 /* 宽窄巷子1.jpg in Resources */ = {isa = PBXBuildFile; fileRef = A5A6CAAE1B7CC3ED00B6A091 /* 宽窄巷子1.jpg */; };
		A5A6CAD71B7CC3ED00B6A091 /* 宽窄巷子2.jpg in Resources */ = {isa = PBXBuildFile; fileRef = A5A6CAAF1B7CC3ED00B6A091 /* 宽窄巷子2.jpg */; };
		A5A6CAD81B7CC3ED00B6A091 /* 宽窄巷子3.jpg in Resources */ = {isa = PBXBuildFile; fileRef = A5A6CAB01B7CC3ED00B6A091 /* 宽窄巷子3.jpg */; };
		A5A6CAD91B7CC3ED00B6A091 /* 熊猫基地.jpg in Resources */ = {isa = PBXBuildFile; fileRef = A5A6CAB11B7CC3ED00B6A091 /* 熊猫基地.jpg */; };
		A5A6CADA1B7CC3ED00B6A091 /* 熊猫基地1.jpg in Resources */ = {isa = PBXBuildFile; fileRef = A5A6CAB21B7CC3ED00B6A091 /* 熊猫基地1.jpg */; };
		A5A6CADB1B7CC3ED00B6A091 /* 熊猫基地2.jpg in Resources */ = {isa = PBXBuildFile; fileRef = A5A6CAB31B7CC3ED00B6A091 /* 熊猫基地2.jpg */; };
		A5A6CADC1B7CC3ED00B6A091 /* 熊猫基地3.jpg in Resources */ = {isa = PBXBuildFile; fileRef = A5A6CAB41B7CC3ED00B6A091 /* 熊猫基地3.jpg */; };
		A5A6CADD1B7CC3ED00B6A091 /* 首页1.png in Resources */ = {isa = PBXBuildFile; fileRef = A5A6CAB51B7CC3ED00B6A091 /* 首页1.png */; };
		A5A6CADE1B7CC3ED00B6A091 /* 首页2.png in Resources */ = {isa = PBXBuildFile; fileRef = A5A6CAB61B7CC3ED00B6A091 /* 首页2.png */; };
		A5A6CADF1B7CC3ED00B6A091 /* 首页3.png in Resources */ = {isa = PBXBuildFile; fileRef = A5A6CAB71B7CC3ED00B6A091 /* 首页3.png */; };
		A5A6CAE01B7CC3ED00B6A091 /* logo3.png in Resources */ = {isa = PBXBuildFile; fileRef = A5A6CAB81B7CC3ED00B6A091 /* logo3.png */; };
		A5A6CAE11B7CC3ED00B6A091 /* icon5.png in Resources */ = {isa = PBXBuildFile; fileRef = A5A6CAB91B7CC3ED00B6A091 /* icon5.png */; };
		A5A6CAE21B7CC3ED00B6A091 /* goodwoods_coffee.detail.png in Resources */ = {isa = PBXBuildFile; fileRef = A5A6CABA1B7CC3ED00B6A091 /* goodwoods_coffee.detail.png */; };
		A5A6CAE31B7CC3ED00B6A091 /* icon3.png in Resources */ = {isa = PBXBuildFile; fileRef = A5A6CABB1B7CC3ED00B6A091 /* icon3.png */; };
		A5A6CAE41B7CC3ED00B6A091 /* man_coffee_detail.png in Resources */ = {isa = PBXBuildFile; fileRef = A5A6CABC1B7CC3ED00B6A091 /* man_coffee_detail.png */; };
		A5A6CAE51B7CC3ED00B6A091 /* icon2.png in Resources */ = {isa = PBXBuildFile; fileRef = A5A6CABD1B7CC3ED00B6A091 /* icon2.png */; };
		A5A6CAE61B7CC3ED00B6A091 /* starbucks_coffee_detail.png in Resources */ = {isa = PBXBuildFile; fileRef = A5A6CABE1B7CC3ED00B6A091 /* starbucks_coffee_detail.png */; };
		A5A6CAE71B7CC3ED00B6A091 /* icon4.png in Resources */ = {isa = PBXBuildFile; fileRef = A5A6CABF1B7CC3ED00B6A091 /* icon4.png */; };
		A5A6CAE81B7CC3ED00B6A091 /* winshare_detail.png in Resources */ = {isa = PBXBuildFile; fileRef = A5A6CAC01B7CC3ED00B6A091 /* winshare_detail.png */; };
		A5A6CAE91B7CC3ED00B6A091 /* icon1.png in Resources */ = {isa = PBXBuildFile; fileRef = A5A6CAC11B7CC3ED00B6A091 /* icon1.png */; };
		A5A6CAEA1B7CC3ED00B6A091 /* theplace_coffee_detail.png in Resources */ = {isa = PBXBuildFile; fileRef = A5A6CAC21B7CC3ED00B6A091 /* theplace_coffee_detail.png */; };
		A5A6CAEB1B7CC3ED00B6A091 /* icon_menu_hp_press.png in Resources */ = {isa = PBXBuildFile; fileRef = A5A6CAC31B7CC3ED00B6A091 /* icon_menu_hp_press.png */; };
		A5A6CAEC1B7CC3ED00B6A091 /* icon_menu_hp_selected.png in Resources */ = {isa = PBXBuildFile; fileRef = A5A6CAC41B7CC3ED00B6A091 /* icon_menu_hp_selected.png */; };
		A5A6CAED1B7CC3ED00B6A091 /* icon_menu_ihave_press.png in Resources */ = {isa = PBXBuildFile; fileRef = A5A6CAC51B7CC3ED00B6A091 /* icon_menu_ihave_press.png */; };
		A5A6CAEE1B7CC3ED00B6A091 /* icon_menu_ihave_selected.png in Resources */ = {isa = PBXBuildFile; fileRef = A5A6CAC61B7CC3ED00B6A091 /* icon_menu_ihave_selected.png */; };
		A5A6CAEF1B7CC3ED00B6A091 /* icon_menu_profile_press.png in Resources */ = {isa = PBXBuildFile; fileRef = A5A6CAC71B7CC3ED00B6A091 /* icon_menu_profile_press.png */; };
		A5A6CAF01B7CC3ED00B6A091 /* icon_menu_profile_selected.png in Resources */ = {isa = PBXBuildFile; fileRef = A5A6CAC81B7CC3ED00B6A091 /* icon_menu_profile_selected.png */; };
		A5A6CAF11B7CC3ED00B6A091 /* icon_menu_x_press.png in Resources */ = {isa = PBXBuildFile; fileRef = A5A6CAC91B7CC3ED00B6A091 /* icon_menu_x_press.png */; };
		A5A6CAF21B7CC3ED00B6A091 /* icon_menu_x_selected.png in Resources */ = {isa = PBXBuildFile; fileRef = A5A6CACA1B7CC3ED00B6A091 /* icon_menu_x_selected.png */; };
		A5A6CAF81B7CC8EC00B6A091 /* SecondViewController.m in Sources */ = {isa = PBXBuildFile; fileRef = A5A6CAF71B7CC8EC00B6A091 /* SecondViewController.m */; };
		A5A6CAFB1B7CC8F800B6A091 /* ThirdViewController.m in Sources */ = {isa = PBXBuildFile; fileRef = A5A6CAFA1B7CC8F800B6A091 /* ThirdViewController.m */; };
		A5A6CB061B7CCB7A00B6A091 /* TitleBaseViewController.m in Sources */ = {isa = PBXBuildFile; fileRef = A5A6CB051B7CCB7A00B6A091 /* TitleBaseViewController.m */; };
		A5A8F8D11B7F08E6007F60B6 /* ThirdViewController1.m in Sources */ = {isa = PBXBuildFile; fileRef = A5A8F8D01B7F08E6007F60B6 /* ThirdViewController1.m */; };
		A5FFCC6F1DCF185200D99784 /* A Little Love.mp3 in Resources */ = {isa = PBXBuildFile; fileRef = A5FFCC6E1DCF185200D99784 /* A Little Love.mp3 */; };
/* End PBXBuildFile section */

/* Begin PBXContainerItemProxy section */
		A5A6CA931B7CC3A400B6A091 /* PBXContainerItemProxy */ = {
			isa = PBXContainerItemProxy;
			containerPortal = A5A6CA711B7CC3A400B6A091 /* Project object */;
			proxyType = 1;
			remoteGlobalIDString = A5A6CA781B7CC3A400B6A091;
			remoteInfo = "成都生活";
		};
/* End PBXContainerItemProxy section */

/* Begin PBXFileReference section */
		A54977021B7DBF07004E6149 /* MyCell.h */ = {isa = PBXFileReference; fileEncoding = 4; lastKnownFileType = sourcecode.c.h; path = MyCell.h; sourceTree = "<group>"; };
		A54977031B7DBF07004E6149 /* MyCell.m */ = {isa = PBXFileReference; fileEncoding = 4; lastKnownFileType = sourcecode.c.objc; path = MyCell.m; sourceTree = "<group>"; };
		A54977041B7DBF07004E6149 /* MyCell.xib */ = {isa = PBXFileReference; fileEncoding = 4; lastKnownFileType = file.xib; path = MyCell.xib; sourceTree = "<group>"; };
		A549770D1B7DC6D5004E6149 /* Infos.plist */ = {isa = PBXFileReference; fileEncoding = 4; lastKnownFileType = text.plist.xml; path = Infos.plist; sourceTree = "<group>"; };
		A549770F1B7DCCFD004E6149 /* 武侯祠.jpg */ = {isa = PBXFileReference; lastKnownFileType = image.jpeg; path = "武侯祠.jpg"; sourceTree = "<group>"; };
		A54977101B7DCCFD004E6149 /* 武侯祠1.jpg */ = {isa = PBXFileReference; lastKnownFileType = image.jpeg; path = "武侯祠1.jpg"; sourceTree = "<group>"; };
		A54977111B7DCCFD004E6149 /* 武侯祠2.jpg */ = {isa = PBXFileReference; lastKnownFileType = image.jpeg; path = "武侯祠2.jpg"; sourceTree = "<group>"; };
		A54977121B7DCCFD004E6149 /* 武侯祠3.jpg */ = {isa = PBXFileReference; lastKnownFileType = image.jpeg; path = "武侯祠3.jpg"; sourceTree = "<group>"; };
		A54977171B7DD759004E6149 /* background.mp3 */ = {isa = PBXFileReference; lastKnownFileType = audio.mp3; path = background.mp3; sourceTree = "<group>"; };
		A549771A1B7DD842004E6149 /* AVFoundation.framework */ = {isa = PBXFileReference; lastKnownFileType = wrapper.framework; name = AVFoundation.framework; path = System/Library/Frameworks/AVFoundation.framework; sourceTree = SDKROOT; };
		A54977221B7DDFE3004E6149 /* MediaPlayer.framework */ = {isa = PBXFileReference; lastKnownFileType = wrapper.framework; name = MediaPlayer.framework; path = System/Library/Frameworks/MediaPlayer.framework; sourceTree = SDKROOT; };
		A54977261B7DE4BF004E6149 /* FirstViewController.h */ = {isa = PBXFileReference; fileEncoding = 4; lastKnownFileType = sourcecode.c.h; path = FirstViewController.h; sourceTree = "<group>"; };
		A54977271B7DE4BF004E6149 /* FirstViewController.m */ = {isa = PBXFileReference; fileEncoding = 4; lastKnownFileType = sourcecode.c.objc; path = FirstViewController.m; sourceTree = "<group>"; };
		A54977281B7DE4BF004E6149 /* FirstViewController.xib */ = {isa = PBXFileReference; fileEncoding = 4; lastKnownFileType = file.xib; path = FirstViewController.xib; sourceTree = "<group>"; };
		A549772B1B7E0DD7004E6149 /* SecondViewController1.h */ = {isa = PBXFileReference; fileEncoding = 4; lastKnownFileType = sourcecode.c.h; path = SecondViewController1.h; sourceTree = "<group>"; };
		A549772C1B7E0DD7004E6149 /* SecondViewController1.m */ = {isa = PBXFileReference; fileEncoding = 4; lastKnownFileType = sourcecode.c.objc; path = SecondViewController1.m; sourceTree = "<group>"; };
		A549772D1B7E0DD7004E6149 /* SecondViewController1.xib */ = {isa = PBXFileReference; fileEncoding = 4; lastKnownFileType = file.xib; path = SecondViewController1.xib; sourceTree = "<group>"; };
		A54977301B7E0E95004E6149 /* SecondViewController2.h */ = {isa = PBXFileReference; fileEncoding = 4; lastKnownFileType = sourcecode.c.h; path = SecondViewController2.h; sourceTree = "<group>"; };
		A54977311B7E0E95004E6149 /* SecondViewController2.m */ = {isa = PBXFileReference; fileEncoding = 4; lastKnownFileType = sourcecode.c.objc; path = SecondViewController2.m; sourceTree = "<group>"; };
		A54977321B7E0E95004E6149 /* SecondViewController2.xib */ = {isa = PBXFileReference; fileEncoding = 4; lastKnownFileType = file.xib; path = SecondViewController2.xib; sourceTree = "<group>"; };
		A54977351B7E0EAD004E6149 /* SecondViewController3.h */ = {isa = PBXFileReference; fileEncoding = 4; lastKnownFileType = sourcecode.c.h; path = SecondViewController3.h; sourceTree = "<group>"; };
		A54977361B7E0EAD004E6149 /* SecondViewController3.m */ = {isa = PBXFileReference; fileEncoding = 4; lastKnownFileType = sourcecode.c.objc; path = SecondViewController3.m; sourceTree = "<group>"; };
		A54977371B7E0EAD004E6149 /* SecondViewController3.xib */ = {isa = PBXFileReference; fileEncoding = 4; lastKnownFileType = file.xib; path = SecondViewController3.xib; sourceTree = "<group>"; };
		A549773A1B7E0EC2004E6149 /* SecondViewController4.h */ = {isa = PBXFileReference; fileEncoding = 4; lastKnownFileType = sourcecode.c.h; path = SecondViewController4.h; sourceTree = "<group>"; };
		A549773B1B7E0EC2004E6149 /* SecondViewController4.m */ = {isa = PBXFileReference; fileEncoding = 4; lastKnownFileType = sourcecode.c.objc; path = SecondViewController4.m; sourceTree = "<group>"; };
		A549773C1B7E0EC2004E6149 /* SecondViewController4.xib */ = {isa = PBXFileReference; fileEncoding = 4; lastKnownFileType = file.xib; path = SecondViewController4.xib; sourceTree = "<group>"; };
		A549773F1B7E0ED6004E6149 /* SecondViewController5.h */ = {isa = PBXFileReference; fileEncoding = 4; lastKnownFileType = sourcecode.c.h; path = SecondViewController5.h; sourceTree = "<group>"; };
		A54977401B7E0ED6004E6149 /* SecondViewController5.m */ = {isa = PBXFileReference; fileEncoding = 4; lastKnownFileType = sourcecode.c.objc; path = SecondViewController5.m; sourceTree = "<group>"; };
		A54977411B7E0ED6004E6149 /* SecondViewController5.xib */ = {isa = PBXFileReference; fileEncoding = 4; lastKnownFileType = file.xib; path = SecondViewController5.xib; sourceTree = "<group>"; };
		A565778E1B7E4EE600BE0C8B /* 返回箭头.png */ = {isa = PBXFileReference; lastKnownFileType = image.png; path = "返回箭头.png"; sourceTree = "<group>"; };
		A580B32C1B7D01DF005ABAA0 /* ForthViewController.h */ = {isa = PBXFileReference; fileEncoding = 4; lastKnownFileType = sourcecode.c.h; path = ForthViewController.h; sourceTree = "<group>"; };
		A580B32D1B7D01DF005ABAA0 /* ForthViewController.m */ = {isa = PBXFileReference; fileEncoding = 4; lastKnownFileType = sourcecode.c.objc; path = ForthViewController.m; sourceTree = "<group>"; };
		A580B32E1B7D01DF005ABAA0 /* ForthViewController.xib */ = {isa = PBXFileReference; fileEncoding = 4; lastKnownFileType = file.xib; path = ForthViewController.xib; sourceTree = "<group>"; };
		A594FBC01BC8DAE800E0E59F /* place.plist */ = {isa = PBXFileReference; fileEncoding = 4; lastKnownFileType = text.plist.xml; path = place.plist; sourceTree = "<group>"; };
		A594FBC51BC8E98400E0E59F /* MyCells.h */ = {isa = PBXFileReference; fileEncoding = 4; lastKnownFileType = sourcecode.c.h; path = MyCells.h; sourceTree = "<group>"; };
		A594FBC61BC8E98400E0E59F /* MyCells.m */ = {isa = PBXFileReference; fileEncoding = 4; lastKnownFileType = sourcecode.c.objc; path = MyCells.m; sourceTree = "<group>"; };
		A594FBC81BC8E99C00E0E59F /* MyCells.xib */ = {isa = PBXFileReference; fileEncoding = 4; lastKnownFileType = file.xib; path = MyCells.xib; sourceTree = "<group>"; };
		A594FBDD1BC8FA3400E0E59F /* changjiang.png */ = {isa = PBXFileReference; lastKnownFileType = image.png; path = changjiang.png; sourceTree = "<group>"; };
		A594FBDE1BC8FA3400E0E59F /* dazu.png */ = {isa = PBXFileReference; lastKnownFileType = image.png; path = dazu.png; sourceTree = "<group>"; };
		A594FBDF1BC8FA3400E0E59F /* huagu.png */ = {isa = PBXFileReference; lastKnownFileType = image.png; path = huagu.png; sourceTree = "<group>"; };
		A594FBE01BC8FA3400E0E59F /* jinfoshan.png */ = {isa = PBXFileReference; lastKnownFileType = image.png; path = jinfoshan.png; sourceTree = "<group>"; };
		A594FBE11BC8FA3400E0E59F /* jinfoshan2.png */ = {isa = PBXFileReference; lastKnownFileType = image.png; path = jinfoshan2.png; sourceTree = "<group>"; };
		A594FBE21BC8FA3400E0E59F /* piaoliu.png */ = {isa = PBXFileReference; lastKnownFileType = image.png; path = piaoliu.png; sourceTree = "<group>"; };
		A594FBE31BC8FA3400E0E59F /* tiansheng1.png */ = {isa = PBXFileReference; lastKnownFileType = image.png; path = tiansheng1.png; sourceTree = "<group>"; };
		A594FBE41BC8FA3400E0E59F /* wulong.png */ = {isa = PBXFileReference; lastKnownFileType = image.png; path = wulong.png; sourceTree = "<group>"; };
		A5A006891B82B7090057ED74 /* third.plist */ = {isa = PBXFileReference; fileEncoding = 4; lastKnownFileType = text.plist.xml; path = third.plist; sourceTree = "<group>"; };
		A5A6CA791B7CC3A400B6A091 /* 成都生活.app */ = {isa = PBXFileReference; explicitFileType = wrapper.application; includeInIndex = 0; path = "成都生活.app"; sourceTree = BUILT_PRODUCTS_DIR; };
		A5A6CA7D1B7CC3A400B6A091 /* Info.plist */ = {isa = PBXFileReference; lastKnownFileType = text.plist.xml; path = Info.plist; sourceTree = "<group>"; };
		A5A6CA7E1B7CC3A400B6A091 /* main.m */ = {isa = PBXFileReference; lastKnownFileType = sourcecode.c.objc; path = main.m; sourceTree = "<group>"; };
		A5A6CA801B7CC3A400B6A091 /* AppDelegate.h */ = {isa = PBXFileReference; lastKnownFileType = sourcecode.c.h; path = AppDelegate.h; sourceTree = "<group>"; };
		A5A6CA811B7CC3A400B6A091 /* AppDelegate.m */ = {isa = PBXFileReference; lastKnownFileType = sourcecode.c.objc; path = AppDelegate.m; sourceTree = "<group>"; };
		A5A6CA831B7CC3A400B6A091 /* ViewController.h */ = {isa = PBXFileReference; lastKnownFileType = sourcecode.c.h; path = ViewController.h; sourceTree = "<group>"; };
		A5A6CA841B7CC3A400B6A091 /* ViewController.m */ = {isa = PBXFileReference; lastKnownFileType = sourcecode.c.objc; path = ViewController.m; sourceTree = "<group>"; };
		A5A6CA871B7CC3A400B6A091 /* Base */ = {isa = PBXFileReference; lastKnownFileType = file.storyboard; name = Base; path = Base.lproj/Main.storyboard; sourceTree = "<group>"; };
		A5A6CA891B7CC3A400B6A091 /* Images.xcassets */ = {isa = PBXFileReference; lastKnownFileType = folder.assetcatalog; path = Images.xcassets; sourceTree = "<group>"; };
		A5A6CA8C1B7CC3A400B6A091 /* Base */ = {isa = PBXFileReference; lastKnownFileType = file.xib; name = Base; path = Base.lproj/LaunchScreen.xib; sourceTree = "<group>"; };
		A5A6CA921B7CC3A400B6A091 /* 成都生活Tests.xctest */ = {isa = PBXFileReference; explicitFileType = wrapper.cfbundle; includeInIndex = 0; path = "成都生活Tests.xctest"; sourceTree = BUILT_PRODUCTS_DIR; };
		A5A6CA971B7CC3A400B6A091 /* Info.plist */ = {isa = PBXFileReference; lastKnownFileType = text.plist.xml; path = Info.plist; sourceTree = "<group>"; };
		A5A6CA981B7CC3A400B6A091 /* ____Tests.m */ = {isa = PBXFileReference; lastKnownFileType = sourcecode.c.objc; path = "____Tests.m"; sourceTree = "<group>"; };
		A5A6CAA31B7CC3ED00B6A091 /* 杜甫草堂.jpg */ = {isa = PBXFileReference; lastKnownFileType = image.jpeg; path = "杜甫草堂.jpg"; sourceTree = "<group>"; };
		A5A6CAA41B7CC3ED00B6A091 /* 杜甫草堂1.jpg */ = {isa = PBXFileReference; lastKnownFileType = image.jpeg; path = "杜甫草堂1.jpg"; sourceTree = "<group>"; };
		A5A6CAA51B7CC3ED00B6A091 /* 杜甫草堂2.jpg */ = {isa = PBXFileReference; lastKnownFileType = image.jpeg; path = "杜甫草堂2.jpg"; sourceTree = "<group>"; };
		A5A6CAA61B7CC3ED00B6A091 /* 杜甫草堂3.jpg */ = {isa = PBXFileReference; lastKnownFileType = image.jpeg; path = "杜甫草堂3.jpg"; sourceTree = "<group>"; };
		A5A6CAA71B7CC3ED00B6A091 /* 欢乐谷.jpg */ = {isa = PBXFileReference; lastKnownFileType = image.jpeg; path = "欢乐谷.jpg"; sourceTree = "<group>"; };
		A5A6CAA81B7CC3ED00B6A091 /* 欢乐谷1.jpg */ = {isa = PBXFileReference; lastKnownFileType = image.jpeg; path = "欢乐谷1.jpg"; sourceTree = "<group>"; };
		A5A6CAA91B7CC3ED00B6A091 /* 欢乐谷2.jpg */ = {isa = PBXFileReference; lastKnownFileType = image.jpeg; path = "欢乐谷2.jpg"; sourceTree = "<group>"; };
		A5A6CAAA1B7CC3ED00B6A091 /* 欢乐谷3.jpg */ = {isa = PBXFileReference; lastKnownFileType = image.jpeg; path = "欢乐谷3.jpg"; sourceTree = "<group>"; };
		A5A6CAAB1B7CC3ED00B6A091 /* 锦里.jpg */ = {isa = PBXFileReference; lastKnownFileType = image.jpeg; path = "锦里.jpg"; sourceTree = "<group>"; };
		A5A6CAAC1B7CC3ED00B6A091 /* 锦里1.jpg */ = {isa = PBXFileReference; lastKnownFileType = image.jpeg; path = "锦里1.jpg"; sourceTree = "<group>"; };
		A5A6CAAD1B7CC3ED00B6A091 /* 宽窄巷子.jpg */ = {isa = PBXFileReference; lastKnownFileType = image.jpeg; path = "宽窄巷子.jpg"; sourceTree = "<group>"; };
		A5A6CAAE1B7CC3ED00B6A091 /* 宽窄巷子1.jpg */ = {isa = PBXFileReference; lastKnownFileType = image.jpeg; path = "宽窄巷子1.jpg"; sourceTree = "<group>"; };
		A5A6CAAF1B7CC3ED00B6A091 /* 宽窄巷子2.jpg */ = {isa = PBXFileReference; lastKnownFileType = image.jpeg; path = "宽窄巷子2.jpg"; sourceTree = "<group>"; };
		A5A6CAB01B7CC3ED00B6A091 /* 宽窄巷子3.jpg */ = {isa = PBXFileReference; lastKnownFileType = image.jpeg; path = "宽窄巷子3.jpg"; sourceTree = "<group>"; };
		A5A6CAB11B7CC3ED00B6A091 /* 熊猫基地.jpg */ = {isa = PBXFileReference; lastKnownFileType = image.jpeg; path = "熊猫基地.jpg"; sourceTree = "<group>"; };
		A5A6CAB21B7CC3ED00B6A091 /* 熊猫基地1.jpg */ = {isa = PBXFileReference; lastKnownFileType = image.jpeg; path = "熊猫基地1.jpg"; sourceTree = "<group>"; };
		A5A6CAB31B7CC3ED00B6A091 /* 熊猫基地2.jpg */ = {isa = PBXFileReference; lastKnownFileType = image.jpeg; path = "熊猫基地2.jpg"; sourceTree = "<group>"; };
		A5A6CAB41B7CC3ED00B6A091 /* 熊猫基地3.jpg */ = {isa = PBXFileReference; lastKnownFileType = image.jpeg; path = "熊猫基地3.jpg"; sourceTree = "<group>"; };
		A5A6CAB51B7CC3ED00B6A091 /* 首页1.png */ = {isa = PBXFileReference; lastKnownFileType = image.png; path = "首页1.png"; sourceTree = "<group>"; };
		A5A6CAB61B7CC3ED00B6A091 /* 首页2.png */ = {isa = PBXFileReference; lastKnownFileType = image.png; path = "首页2.png"; sourceTree = "<group>"; };
		A5A6CAB71B7CC3ED00B6A091 /* 首页3.png */ = {isa = PBXFileReference; lastKnownFileType = image.png; path = "首页3.png"; sourceTree = "<group>"; };
		A5A6CAB81B7CC3ED00B6A091 /* logo3.png */ = {isa = PBXFileReference; lastKnownFileType = image.png; path = logo3.png; sourceTree = "<group>"; };
		A5A6CAB91B7CC3ED00B6A091 /* icon5.png */ = {isa = PBXFileReference; lastKnownFileType = image.png; path = icon5.png; sourceTree = "<group>"; };
		A5A6CABA1B7CC3ED00B6A091 /* goodwoods_coffee.detail.png */ = {isa = PBXFileReference; lastKnownFileType = image.png; path = goodwoods_coffee.detail.png; sourceTree = "<group>"; };
		A5A6CABB1B7CC3ED00B6A091 /* icon3.png */ = {isa = PBXFileReference; lastKnownFileType = image.png; path = icon3.png; sourceTree = "<group>"; };
		A5A6CABC1B7CC3ED00B6A091 /* man_coffee_detail.png */ = {isa = PBXFileReference; lastKnownFileType = image.png; path = man_coffee_detail.png; sourceTree = "<group>"; };
		A5A6CABD1B7CC3ED00B6A091 /* icon2.png */ = {isa = PBXFileReference; lastKnownFileType = image.png; path = icon2.png; sourceTree = "<group>"; };
		A5A6CABE1B7CC3ED00B6A091 /* starbucks_coffee_detail.png */ = {isa = PBXFileReference; lastKnownFileType = image.png; path = starbucks_coffee_detail.png; sourceTree = "<group>"; };
		A5A6CABF1B7CC3ED00B6A091 /* icon4.png */ = {isa = PBXFileReference; lastKnownFileType = image.png; path = icon4.png; sourceTree = "<group>"; };
		A5A6CAC01B7CC3ED00B6A091 /* winshare_detail.png */ = {isa = PBXFileReference; lastKnownFileType = image.png; path = winshare_detail.png; sourceTree = "<group>"; };
		A5A6CAC11B7CC3ED00B6A091 /* icon1.png */ = {isa = PBXFileReference; lastKnownFileType = image.png; path = icon1.png; sourceTree = "<group>"; };
		A5A6CAC21B7CC3ED00B6A091 /* theplace_coffee_detail.png */ = {isa = PBXFileReference; lastKnownFileType = image.png; path = theplace_coffee_detail.png; sourceTree = "<group>"; };
		A5A6CAC31B7CC3ED00B6A091 /* icon_menu_hp_press.png */ = {isa = PBXFileReference; lastKnownFileType = image.png; path = icon_menu_hp_press.png; sourceTree = "<group>"; };
		A5A6CAC41B7CC3ED00B6A091 /* icon_menu_hp_selected.png */ = {isa = PBXFileReference; lastKnownFileType = image.png; path = icon_menu_hp_selected.png; sourceTree = "<group>"; };
		A5A6CAC51B7CC3ED00B6A091 /* icon_menu_ihave_press.png */ = {isa = PBXFileReference; lastKnownFileType = image.png; path = icon_menu_ihave_press.png; sourceTree = "<group>"; };
		A5A6CAC61B7CC3ED00B6A091 /* icon_menu_ihave_selected.png */ = {isa = PBXFileReference; lastKnownFileType = image.png; path = icon_menu_ihave_selected.png; sourceTree = "<group>"; };
		A5A6CAC71B7CC3ED00B6A091 /* icon_menu_profile_press.png */ = {isa = PBXFileReference; lastKnownFileType = image.png; path = icon_menu_profile_press.png; sourceTree = "<group>"; };
		A5A6CAC81B7CC3ED00B6A091 /* icon_menu_profile_selected.png */ = {isa = PBXFileReference; lastKnownFileType = image.png; path = icon_menu_profile_selected.png; sourceTree = "<group>"; };
		A5A6CAC91B7CC3ED00B6A091 /* icon_menu_x_press.png */ = {isa = PBXFileReference; lastKnownFileType = image.png; path = icon_menu_x_press.png; sourceTree = "<group>"; };
		A5A6CACA1B7CC3ED00B6A091 /* icon_menu_x_selected.png */ = {isa = PBXFileReference; lastKnownFileType = image.png; path = icon_menu_x_selected.png; sourceTree = "<group>"; };
		A5A6CAF61B7CC8EC00B6A091 /* SecondViewController.h */ = {isa = PBXFileReference; fileEncoding = 4; lastKnownFileType = sourcecode.c.h; path = SecondViewController.h; sourceTree = "<group>"; };
		A5A6CAF71B7CC8EC00B6A091 /* SecondViewController.m */ = {isa = PBXFileReference; fileEncoding = 4; lastKnownFileType = sourcecode.c.objc; path = SecondViewController.m; sourceTree = "<group>"; };
		A5A6CAF91B7CC8F800B6A091 /* ThirdViewController.h */ = {isa = PBXFileReference; fileEncoding = 4; lastKnownFileType = sourcecode.c.h; path = ThirdViewController.h; sourceTree = "<group>"; };
		A5A6CAFA1B7CC8F800B6A091 /* ThirdViewController.m */ = {isa = PBXFileReference; fileEncoding = 4; lastKnownFileType = sourcecode.c.objc; path = ThirdViewController.m; sourceTree = "<group>"; };
		A5A6CB041B7CCB7A00B6A091 /* TitleBaseViewController.h */ = {isa = PBXFileReference; fileEncoding = 4; lastKnownFileType = sourcecode.c.h; path = TitleBaseViewController.h; sourceTree = "<group>"; };
		A5A6CB051B7CCB7A00B6A091 /* TitleBaseViewController.m */ = {isa = PBXFileReference; fileEncoding = 4; lastKnownFileType = sourcecode.c.objc; path = TitleBaseViewController.m; sourceTree = "<group>"; };
		A5A8F8CF1B7F08E6007F60B6 /* ThirdViewController1.h */ = {isa = PBXFileReference; fileEncoding = 4; lastKnownFileType = sourcecode.c.h; path = ThirdViewController1.h; sourceTree = "<group>"; };
		A5A8F8D01B7F08E6007F60B6 /* ThirdViewController1.m */ = {isa = PBXFileReference; fileEncoding = 4; lastKnownFileType = sourcecode.c.objc; path = ThirdViewController1.m; sourceTree = "<group>"; };
		A5FFCC6E1DCF185200D99784 /* A Little Love.mp3 */ = {isa = PBXFileReference; lastKnownFileType = audio.mp3; path = "A Little Love.mp3"; sourceTree = "<group>"; };
/* End PBXFileReference section */

/* Begin PBXFrameworksBuildPhase section */
		A5A6CA761B7CC3A400B6A091 /* Frameworks */ = {
			isa = PBXFrameworksBuildPhase;
			buildActionMask = 2147483647;
			files = (
				A54977231B7DDFE3004E6149 /* MediaPlayer.framework in Frameworks */,
				A549771B1B7DD842004E6149 /* AVFoundation.framework in Frameworks */,
			);
			runOnlyForDeploymentPostprocessing = 0;
		};
		A5A6CA8F1B7CC3A400B6A091 /* Frameworks */ = {
			isa = PBXFrameworksBuildPhase;
			buildActionMask = 2147483647;
			files = (
			);
			runOnlyForDeploymentPostprocessing = 0;
		};
/* End PBXFrameworksBuildPhase section */

/* Begin PBXGroup section */
		A594FBC21BC8E22500E0E59F /* picture */ = {
			isa = PBXGroup;
			children = (
			);
			name = picture;
			sourceTree = "<group>";
		};
		A594FBCF1BC8ED6800E0E59F /* picture */ = {
			isa = PBXGroup;
			children = (
				A594FBDD1BC8FA3400E0E59F /* changjiang.png */,
				A594FBDE1BC8FA3400E0E59F /* dazu.png */,
				A594FBDF1BC8FA3400E0E59F /* huagu.png */,
				A594FBE01BC8FA3400E0E59F /* jinfoshan.png */,
				A594FBE11BC8FA3400E0E59F /* jinfoshan2.png */,
				A594FBE21BC8FA3400E0E59F /* piaoliu.png */,
				A594FBE31BC8FA3400E0E59F /* tiansheng1.png */,
				A594FBE41BC8FA3400E0E59F /* wulong.png */,
			);
			name = picture;
			sourceTree = "<group>";
		};
		A5A6CA701B7CC3A400B6A091 = {
			isa = PBXGroup;
			children = (
				A54977221B7DDFE3004E6149 /* MediaPlayer.framework */,
				A549771A1B7DD842004E6149 /* AVFoundation.framework */,
				A5A6CA7B1B7CC3A400B6A091 /* 成都生活 */,
				A5A6CA951B7CC3A400B6A091 /* 成都生活Tests */,
				A5A6CA7A1B7CC3A400B6A091 /* Products */,
			);
			sourceTree = "<group>";
		};
		A5A6CA7A1B7CC3A400B6A091 /* Products */ = {
			isa = PBXGroup;
			children = (
				A5A6CA791B7CC3A400B6A091 /* 成都生活.app */,
				A5A6CA921B7CC3A400B6A091 /* 成都生活Tests.xctest */,
			);
			name = Products;
			sourceTree = "<group>";
		};
		A5A6CA7B1B7CC3A400B6A091 /* 成都生活 */ = {
			isa = PBXGroup;
			children = (
				A5FFCC6E1DCF185200D99784 /* A Little Love.mp3 */,
				A54977171B7DD759004E6149 /* background.mp3 */,
				A5A6CA801B7CC3A400B6A091 /* AppDelegate.h */,
				A5A6CA811B7CC3A400B6A091 /* AppDelegate.m */,
				A5A6CA831B7CC3A400B6A091 /* ViewController.h */,
				A5A6CA841B7CC3A400B6A091 /* ViewController.m */,
				A5A6CA861B7CC3A400B6A091 /* Main.storyboard */,
				A5A6CB031B7CCB2B00B6A091 /* TitleBase */,
				A5A6CAFF1B7CCAA300B6A091 /* FirstPage */,
				A5A6CB001B7CCAAF00B6A091 /* SecondPage */,
				A5A6CB011B7CCACA00B6A091 /* ThirdPage */,
				A5A6CB021B7CCAD500B6A091 /* FourthPage */,
				A5A6CAA21B7CC3DE00B6A091 /* 图片 */,
				A5A6CA891B7CC3A400B6A091 /* Images.xcassets */,
				A5A6CA8B1B7CC3A400B6A091 /* LaunchScreen.xib */,
				A5A6CA7C1B7CC3A400B6A091 /* Supporting Files */,
			);
			path = "成都生活";
			sourceTree = "<group>";
		};
		A5A6CA7C1B7CC3A400B6A091 /* Supporting Files */ = {
			isa = PBXGroup;
			children = (
				A5A6CA7D1B7CC3A400B6A091 /* Info.plist */,
				A5A6CA7E1B7CC3A400B6A091 /* main.m */,
			);
			name = "Supporting Files";
			sourceTree = "<group>";
		};
		A5A6CA951B7CC3A400B6A091 /* 成都生活Tests */ = {
			isa = PBXGroup;
			children = (
				A5A6CA981B7CC3A400B6A091 /* ____Tests.m */,
				A5A6CA961B7CC3A400B6A091 /* Supporting Files */,
			);
			path = "成都生活Tests";
			sourceTree = "<group>";
		};
		A5A6CA961B7CC3A400B6A091 /* Supporting Files */ = {
			isa = PBXGroup;
			children = (
				A5A6CA971B7CC3A400B6A091 /* Info.plist */,
			);
			name = "Supporting Files";
			sourceTree = "<group>";
		};
		A5A6CAA21B7CC3DE00B6A091 /* 图片 */ = {
			isa = PBXGroup;
			children = (
				A565778E1B7E4EE600BE0C8B /* 返回箭头.png */,
				A5A6CAA31B7CC3ED00B6A091 /* 杜甫草堂.jpg */,
				A5A6CAA41B7CC3ED00B6A091 /* 杜甫草堂1.jpg */,
				A5A6CAA51B7CC3ED00B6A091 /* 杜甫草堂2.jpg */,
				A5A6CAA61B7CC3ED00B6A091 /* 杜甫草堂3.jpg */,
				A5A6CAA71B7CC3ED00B6A091 /* 欢乐谷.jpg */,
				A5A6CAA81B7CC3ED00B6A091 /* 欢乐谷1.jpg */,
				A5A6CAA91B7CC3ED00B6A091 /* 欢乐谷2.jpg */,
				A5A6CAAA1B7CC3ED00B6A091 /* 欢乐谷3.jpg */,
				A5A6CAAB1B7CC3ED00B6A091 /* 锦里.jpg */,
				A5A6CAAC1B7CC3ED00B6A091 /* 锦里1.jpg */,
				A5A6CAAD1B7CC3ED00B6A091 /* 宽窄巷子.jpg */,
				A5A6CAAE1B7CC3ED00B6A091 /* 宽窄巷子1.jpg */,
				A5A6CAAF1B7CC3ED00B6A091 /* 宽窄巷子2.jpg */,
				A5A6CAB01B7CC3ED00B6A091 /* 宽窄巷子3.jpg */,
				A5A6CAB11B7CC3ED00B6A091 /* 熊猫基地.jpg */,
				A5A6CAB21B7CC3ED00B6A091 /* 熊猫基地1.jpg */,
				A5A6CAB31B7CC3ED00B6A091 /* 熊猫基地2.jpg */,
				A5A6CAB41B7CC3ED00B6A091 /* 熊猫基地3.jpg */,
				A549770F1B7DCCFD004E6149 /* 武侯祠.jpg */,
				A54977101B7DCCFD004E6149 /* 武侯祠1.jpg */,
				A54977111B7DCCFD004E6149 /* 武侯祠2.jpg */,
				A54977121B7DCCFD004E6149 /* 武侯祠3.jpg */,
				A5A6CAB51B7CC3ED00B6A091 /* 首页1.png */,
				A5A6CAB61B7CC3ED00B6A091 /* 首页2.png */,
				A5A6CAB71B7CC3ED00B6A091 /* 首页3.png */,
				A5A6CAB81B7CC3ED00B6A091 /* logo3.png */,
				A5A6CAB91B7CC3ED00B6A091 /* icon5.png */,
				A5A6CABA1B7CC3ED00B6A091 /* goodwoods_coffee.detail.png */,
				A5A6CABB1B7CC3ED00B6A091 /* icon3.png */,
				A5A6CABC1B7CC3ED00B6A091 /* man_coffee_detail.png */,
				A5A6CABD1B7CC3ED00B6A091 /* icon2.png */,
				A5A6CABE1B7CC3ED00B6A091 /* starbucks_coffee_detail.png */,
				A5A6CABF1B7CC3ED00B6A091 /* icon4.png */,
				A5A6CAC01B7CC3ED00B6A091 /* winshare_detail.png */,
				A5A6CAC11B7CC3ED00B6A091 /* icon1.png */,
				A5A6CAC21B7CC3ED00B6A091 /* theplace_coffee_detail.png */,
				A5A6CAC31B7CC3ED00B6A091 /* icon_menu_hp_press.png */,
				A5A6CAC41B7CC3ED00B6A091 /* icon_menu_hp_selected.png */,
				A5A6CAC51B7CC3ED00B6A091 /* icon_menu_ihave_press.png */,
				A5A6CAC61B7CC3ED00B6A091 /* icon_menu_ihave_selected.png */,
				A5A6CAC71B7CC3ED00B6A091 /* icon_menu_profile_press.png */,
				A5A6CAC81B7CC3ED00B6A091 /* icon_menu_profile_selected.png */,
				A5A6CAC91B7CC3ED00B6A091 /* icon_menu_x_press.png */,
				A5A6CACA1B7CC3ED00B6A091 /* icon_menu_x_selected.png */,
			);
			name = "图片";
			sourceTree = "<group>";
		};
		A5A6CAFF1B7CCAA300B6A091 /* FirstPage */ = {
			isa = PBXGroup;
			children = (
				A594FBCF1BC8ED6800E0E59F /* picture */,
				A54977261B7DE4BF004E6149 /* FirstViewController.h */,
				A54977271B7DE4BF004E6149 /* FirstViewController.m */,
				A54977281B7DE4BF004E6149 /* FirstViewController.xib */,
				A594FBC51BC8E98400E0E59F /* MyCells.h */,
				A594FBC61BC8E98400E0E59F /* MyCells.m */,
				A594FBC81BC8E99C00E0E59F /* MyCells.xib */,
				A594FBC01BC8DAE800E0E59F /* place.plist */,
			);
			name = FirstPage;
			sourceTree = "<group>";
		};
		A5A6CB001B7CCAAF00B6A091 /* SecondPage */ = {
			isa = PBXGroup;
			children = (
				A5A6CAF61B7CC8EC00B6A091 /* SecondViewController.h */,
				A5A6CAF71B7CC8EC00B6A091 /* SecondViewController.m */,
				A549772B1B7E0DD7004E6149 /* SecondViewController1.h */,
				A549772C1B7E0DD7004E6149 /* SecondViewController1.m */,
				A549772D1B7E0DD7004E6149 /* SecondViewController1.xib */,
				A54977301B7E0E95004E6149 /* SecondViewController2.h */,
				A54977311B7E0E95004E6149 /* SecondViewController2.m */,
				A54977321B7E0E95004E6149 /* SecondViewController2.xib */,
				A54977351B7E0EAD004E6149 /* SecondViewController3.h */,
				A54977361B7E0EAD004E6149 /* SecondViewController3.m */,
				A54977371B7E0EAD004E6149 /* SecondViewController3.xib */,
				A549773A1B7E0EC2004E6149 /* SecondViewController4.h */,
				A549773B1B7E0EC2004E6149 /* SecondViewController4.m */,
				A549773C1B7E0EC2004E6149 /* SecondViewController4.xib */,
				A549773F1B7E0ED6004E6149 /* SecondViewController5.h */,
				A54977401B7E0ED6004E6149 /* SecondViewController5.m */,
				A54977411B7E0ED6004E6149 /* SecondViewController5.xib */,
			);
			name = SecondPage;
			sourceTree = "<group>";
		};
		A5A6CB011B7CCACA00B6A091 /* ThirdPage */ = {
			isa = PBXGroup;
			children = (
				A594FBC21BC8E22500E0E59F /* picture */,
				A5A6CAF91B7CC8F800B6A091 /* ThirdViewController.h */,
				A5A6CAFA1B7CC8F800B6A091 /* ThirdViewController.m */,
				A5A8F8CF1B7F08E6007F60B6 /* ThirdViewController1.h */,
				A5A8F8D01B7F08E6007F60B6 /* ThirdViewController1.m */,
				A54977021B7DBF07004E6149 /* MyCell.h */,
				A54977031B7DBF07004E6149 /* MyCell.m */,
				A54977041B7DBF07004E6149 /* MyCell.xib */,
				A5A006891B82B7090057ED74 /* third.plist */,
				A549770D1B7DC6D5004E6149 /* Infos.plist */,
			);
			name = ThirdPage;
			sourceTree = "<group>";
		};
		A5A6CB021B7CCAD500B6A091 /* FourthPage */ = {
			isa = PBXGroup;
			children = (
				A580B32C1B7D01DF005ABAA0 /* ForthViewController.h */,
				A580B32D1B7D01DF005ABAA0 /* ForthViewController.m */,
				A580B32E1B7D01DF005ABAA0 /* ForthViewController.xib */,
			);
			name = FourthPage;
			sourceTree = "<group>";
		};
		A5A6CB031B7CCB2B00B6A091 /* TitleBase */ = {
			isa = PBXGroup;
			children = (
				A5A6CB041B7CCB7A00B6A091 /* TitleBaseViewController.h */,
				A5A6CB051B7CCB7A00B6A091 /* TitleBaseViewController.m */,
			);
			name = TitleBase;
			sourceTree = "<group>";
		};
/* End PBXGroup section */

/* Begin PBXNativeTarget section */
		A5A6CA781B7CC3A400B6A091 /* 成都生活 */ = {
			isa = PBXNativeTarget;
			buildConfigurationList = A5A6CA9C1B7CC3A400B6A091 /* Build configuration list for PBXNativeTarget "成都生活" */;
			buildPhases = (
				A5A6CA751B7CC3A400B6A091 /* Sources */,
				A5A6CA761B7CC3A400B6A091 /* Frameworks */,
				A5A6CA771B7CC3A400B6A091 /* Resources */,
			);
			buildRules = (
			);
			dependencies = (
			);
			name = "成都生活";
			productName = "成都生活";
			productReference = A5A6CA791B7CC3A400B6A091 /* 成都生活.app */;
			productType = "com.apple.product-type.application";
		};
		A5A6CA911B7CC3A400B6A091 /* 成都生活Tests */ = {
			isa = PBXNativeTarget;
			buildConfigurationList = A5A6CA9F1B7CC3A400B6A091 /* Build configuration list for PBXNativeTarget "成都生活Tests" */;
			buildPhases = (
				A5A6CA8E1B7CC3A400B6A091 /* Sources */,
				A5A6CA8F1B7CC3A400B6A091 /* Frameworks */,
				A5A6CA901B7CC3A400B6A091 /* Resources */,
			);
			buildRules = (
			);
			dependencies = (
				A5A6CA941B7CC3A400B6A091 /* PBXTargetDependency */,
			);
			name = "成都生活Tests";
			productName = "成都生活Tests";
			productReference = A5A6CA921B7CC3A400B6A091 /* 成都生活Tests.xctest */;
			productType = "com.apple.product-type.bundle.unit-test";
		};
/* End PBXNativeTarget section */

/* Begin PBXProject section */
		A5A6CA711B7CC3A400B6A091 /* Project object */ = {
			isa = PBXProject;
			attributes = {
				LastUpgradeCheck = 0630;
				ORGANIZATIONNAME = "刘晓微";
				TargetAttributes = {
					A5A6CA781B7CC3A400B6A091 = {
						CreatedOnToolsVersion = 6.3;
						SystemCapabilities = {
							com.apple.BackgroundModes = {
								enabled = 0;
							};
						};
					};
					A5A6CA911B7CC3A400B6A091 = {
						CreatedOnToolsVersion = 6.3;
						TestTargetID = A5A6CA781B7CC3A400B6A091;
					};
				};
			};
			buildConfigurationList = A5A6CA741B7CC3A400B6A091 /* Build configuration list for PBXProject "成都生活" */;
			compatibilityVersion = "Xcode 3.2";
			developmentRegion = English;
			hasScannedForEncodings = 0;
			knownRegions = (
				en,
				Base,
			);
			mainGroup = A5A6CA701B7CC3A400B6A091;
			productRefGroup = A5A6CA7A1B7CC3A400B6A091 /* Products */;
			projectDirPath = "";
			projectRoot = "";
			targets = (
				A5A6CA781B7CC3A400B6A091 /* 成都生活 */,
				A5A6CA911B7CC3A400B6A091 /* 成都生活Tests */,
			);
		};
/* End PBXProject section */

/* Begin PBXResourcesBuildPhase section */
		A5A6CA771B7CC3A400B6A091 /* Resources */ = {
			isa = PBXResourcesBuildPhase;
			buildActionMask = 2147483647;
			files = (
				A5A6CADF1B7CC3ED00B6A091 /* 首页3.png in Resources */,
				A5A6CADE1B7CC3ED00B6A091 /* 首页2.png in Resources */,
				A5FFCC6F1DCF185200D99784 /* A Little Love.mp3 in Resources */,
				A5A6CAD11B7CC3ED00B6A091 /* 欢乐谷2.jpg in Resources */,
				A5A6CAED1B7CC3ED00B6A091 /* icon_menu_ihave_press.png in Resources */,
				A594FBE71BC8FA3400E0E59F /* huagu.png in Resources */,
				A5A6CAE81B7CC3ED00B6A091 /* winshare_detail.png in Resources */,
				A5A6CAD51B7CC3ED00B6A091 /* 宽窄巷子.jpg in Resources */,
				A594FBE91BC8FA3400E0E59F /* jinfoshan2.png in Resources */,
				A5A6CAE41B7CC3ED00B6A091 /* man_coffee_detail.png in Resources */,
				A594FBE51BC8FA3400E0E59F /* changjiang.png in Resources */,
				A5A6CAD71B7CC3ED00B6A091 /* 宽窄巷子2.jpg in Resources */,
				A54977431B7E0ED6004E6149 /* SecondViewController5.xib in Resources */,
				A54977391B7E0EAD004E6149 /* SecondViewController3.xib in Resources */,
				A594FBE61BC8FA3400E0E59F /* dazu.png in Resources */,
				A5A0068A1B82B7090057ED74 /* third.plist in Resources */,
				A5A6CAD21B7CC3ED00B6A091 /* 欢乐谷3.jpg in Resources */,
				A594FBC91BC8E99C00E0E59F /* MyCells.xib in Resources */,
				A5A6CAE51B7CC3ED00B6A091 /* icon2.png in Resources */,
				A5A6CAE61B7CC3ED00B6A091 /* starbucks_coffee_detail.png in Resources */,
				A5A6CAE11B7CC3ED00B6A091 /* icon5.png in Resources */,
				A549770E1B7DC6D5004E6149 /* Infos.plist in Resources */,
				A565778F1B7E4EE600BE0C8B /* 返回箭头.png in Resources */,
				A5A6CAD81B7CC3ED00B6A091 /* 宽窄巷子3.jpg in Resources */,
				A594FBC11BC8DAE800E0E59F /* place.plist in Resources */,
				A54977151B7DCCFD004E6149 /* 武侯祠2.jpg in Resources */,
				A5A6CACE1B7CC3ED00B6A091 /* 杜甫草堂3.jpg in Resources */,
				A549772A1B7DE4BF004E6149 /* FirstViewController.xib in Resources */,
				A5A6CAEA1B7CC3ED00B6A091 /* theplace_coffee_detail.png in Resources */,
				A54977161B7DCCFD004E6149 /* 武侯祠3.jpg in Resources */,
				A5A6CADD1B7CC3ED00B6A091 /* 首页1.png in Resources */,
				A5A6CAE91B7CC3ED00B6A091 /* icon1.png in Resources */,
				A54977341B7E0E95004E6149 /* SecondViewController2.xib in Resources */,
				A594FBEA1BC8FA3400E0E59F /* piaoliu.png in Resources */,
				A5A6CADC1B7CC3ED00B6A091 /* 熊猫基地3.jpg in Resources */,
				A580B3301B7D01DF005ABAA0 /* ForthViewController.xib in Resources */,
				A594FBEC1BC8FA3400E0E59F /* wulong.png in Resources */,
				A5A6CAF11B7CC3ED00B6A091 /* icon_menu_x_press.png in Resources */,
				A54977141B7DCCFD004E6149 /* 武侯祠1.jpg in Resources */,
				A5A6CAEB1B7CC3ED00B6A091 /* icon_menu_hp_press.png in Resources */,
				A5A6CAD31B7CC3ED00B6A091 /* 锦里.jpg in Resources */,
				A5A6CAD61B7CC3ED00B6A091 /* 宽窄巷子1.jpg in Resources */,
				A5A6CAD41B7CC3ED00B6A091 /* 锦里1.jpg in Resources */,
				A5A6CADB1B7CC3ED00B6A091 /* 熊猫基地2.jpg in Resources */,
				A5A6CAEF1B7CC3ED00B6A091 /* icon_menu_profile_press.png in Resources */,
				A54977131B7DCCFD004E6149 /* 武侯祠.jpg in Resources */,
				A5A6CACD1B7CC3ED00B6A091 /* 杜甫草堂2.jpg in Resources */,
				A594FBE81BC8FA3400E0E59F /* jinfoshan.png in Resources */,
				A549772F1B7E0DD7004E6149 /* SecondViewController1.xib in Resources */,
				A54977181B7DD759004E6149 /* background.mp3 in Resources */,
				A5A6CAD91B7CC3ED00B6A091 /* 熊猫基地.jpg in Resources */,
				A5A6CA881B7CC3A400B6A091 /* Main.storyboard in Resources */,
				A5A6CAE71B7CC3ED00B6A091 /* icon4.png in Resources */,
				A5A6CACB1B7CC3ED00B6A091 /* 杜甫草堂.jpg in Resources */,
				A594FBEB1BC8FA3400E0E59F /* tiansheng1.png in Resources */,
				A5A6CA8D1B7CC3A400B6A091 /* LaunchScreen.xib in Resources */,
				A5A6CA8A1B7CC3A400B6A091 /* Images.xcassets in Resources */,
				A5A6CAEE1B7CC3ED00B6A091 /* icon_menu_ihave_selected.png in Resources */,
				A54977061B7DBF07004E6149 /* MyCell.xib in Resources */,
				A549773E1B7E0EC2004E6149 /* SecondViewController4.xib in Resources */,
				A5A6CAD01B7CC3ED00B6A091 /* 欢乐谷1.jpg in Resources */,
				A5A6CAE21B7CC3ED00B6A091 /* goodwoods_coffee.detail.png in Resources */,
				A5A6CADA1B7CC3ED00B6A091 /* 熊猫基地1.jpg in Resources */,
				A5A6CACC1B7CC3ED00B6A091 /* 杜甫草堂1.jpg in Resources */,
				A5A6CAF01B7CC3ED00B6A091 /* icon_menu_profile_selected.png in Resources */,
				A5A6CAEC1B7CC3ED00B6A091 /* icon_menu_hp_selected.png in Resources */,
				A5A6CAF21B7CC3ED00B6A091 /* icon_menu_x_selected.png in Resources */,
				A5A6CAE31B7CC3ED00B6A091 /* icon3.png in Resources */,
				A5A6CACF1B7CC3ED00B6A091 /* 欢乐谷.jpg in Resources */,
				A5A6CAE01B7CC3ED00B6A091 /* logo3.png in Resources */,
			);
			runOnlyForDeploymentPostprocessing = 0;
		};
		A5A6CA901B7CC3A400B6A091 /* Resources */ = {
			isa = PBXResourcesBuildPhase;
			buildActionMask = 2147483647;
			files = (
			);
			runOnlyForDeploymentPostprocessing = 0;
		};
/* End PBXResourcesBuildPhase section */

/* Begin PBXSourcesBuildPhase section */
		A5A6CA751B7CC3A400B6A091 /* Sources */ = {
			isa = PBXSourcesBuildPhase;
			buildActionMask = 2147483647;
			files = (
				A54977381B7E0EAD004E6149 /* SecondViewController3.m in Sources */,
				A549772E1B7E0DD7004E6149 /* SecondViewController1.m in Sources */,
				A54977421B7E0ED6004E6149 /* SecondViewController5.m in Sources */,
				A5A6CB061B7CCB7A00B6A091 /* TitleBaseViewController.m in Sources */,
				A54977291B7DE4BF004E6149 /* FirstViewController.m in Sources */,
				A5A6CAF81B7CC8EC00B6A091 /* SecondViewController.m in Sources */,
				A580B32F1B7D01DF005ABAA0 /* ForthViewController.m in Sources */,
				A54977331B7E0E95004E6149 /* SecondViewController2.m in Sources */,
				A5A6CA851B7CC3A400B6A091 /* ViewController.m in Sources */,
				A549773D1B7E0EC2004E6149 /* SecondViewController4.m in Sources */,
				A5A8F8D11B7F08E6007F60B6 /* ThirdViewController1.m in Sources */,
				A5A6CAFB1B7CC8F800B6A091 /* ThirdViewController.m in Sources */,
				A54977051B7DBF07004E6149 /* MyCell.m in Sources */,
				A594FBC71BC8E98400E0E59F /* MyCells.m in Sources */,
				A5A6CA821B7CC3A400B6A091 /* AppDelegate.m in Sources */,
				A5A6CA7F1B7CC3A400B6A091 /* main.m in Sources */,
			);
			runOnlyForDeploymentPostprocessing = 0;
		};
		A5A6CA8E1B7CC3A400B6A091 /* Sources */ = {
			isa = PBXSourcesBuildPhase;
			buildActionMask = 2147483647;
			files = (
				A5A6CA991B7CC3A400B6A091 /* ____Tests.m in Sources */,
			);
			runOnlyForDeploymentPostprocessing = 0;
		};
/* End PBXSourcesBuildPhase section */

/* Begin PBXTargetDependency section */
		A5A6CA941B7CC3A400B6A091 /* PBXTargetDependency */ = {
			isa = PBXTargetDependency;
			target = A5A6CA781B7CC3A400B6A091 /* 成都生活 */;
			targetProxy = A5A6CA931B7CC3A400B6A091 /* PBXContainerItemProxy */;
		};
/* End PBXTargetDependency section */

/* Begin PBXVariantGroup section */
		A5A6CA861B7CC3A400B6A091 /* Main.storyboard */ = {
			isa = PBXVariantGroup;
			children = (
				A5A6CA871B7CC3A400B6A091 /* Base */,
			);
			name = Main.storyboard;
			sourceTree = "<group>";
		};
		A5A6CA8B1B7CC3A400B6A091 /* LaunchScreen.xib */ = {
			isa = PBXVariantGroup;
			children = (
				A5A6CA8C1B7CC3A400B6A091 /* Base */,
			);
			name = LaunchScreen.xib;
			sourceTree = "<group>";
		};
/* End PBXVariantGroup section */

/* Begin XCBuildConfiguration section */
		A5A6CA9A1B7CC3A400B6A091 /* Debug */ = {
			isa = XCBuildConfiguration;
			buildSettings = {
				ALWAYS_SEARCH_USER_PATHS = NO;
				CLANG_CXX_LANGUAGE_STANDARD = "gnu++0x";
				CLANG_CXX_LIBRARY = "libc++";
				CLANG_ENABLE_MODULES = YES;
				CLANG_ENABLE_OBJC_ARC = YES;
				CLANG_WARN_BOOL_CONVERSION = YES;
				CLANG_WARN_CONSTANT_CONVERSION = YES;
				CLANG_WARN_DIRECT_OBJC_ISA_USAGE = YES_ERROR;
				CLANG_WARN_EMPTY_BODY = YES;
				CLANG_WARN_ENUM_CONVERSION = YES;
				CLANG_WARN_INT_CONVERSION = YES;
				CLANG_WARN_OBJC_ROOT_CLASS = YES_ERROR;
				CLANG_WARN_UNREACHABLE_CODE = YES;
				CLANG_WARN__DUPLICATE_METHOD_MATCH = YES;
				"CODE_SIGN_IDENTITY[sdk=iphoneos*]" = "iPhone Developer";
				COPY_PHASE_STRIP = NO;
				DEBUG_INFORMATION_FORMAT = "dwarf-with-dsym";
				ENABLE_STRICT_OBJC_MSGSEND = YES;
				GCC_C_LANGUAGE_STANDARD = gnu99;
				GCC_DYNAMIC_NO_PIC = NO;
				GCC_NO_COMMON_BLOCKS = YES;
				GCC_OPTIMIZATION_LEVEL = 0;
				GCC_PREPROCESSOR_DEFINITIONS = (
					"DEBUG=1",
					"$(inherited)",
				);
				GCC_SYMBOLS_PRIVATE_EXTERN = NO;
				GCC_WARN_64_TO_32_BIT_CONVERSION = YES;
				GCC_WARN_ABOUT_RETURN_TYPE = YES_ERROR;
				GCC_WARN_UNDECLARED_SELECTOR = YES;
				GCC_WARN_UNINITIALIZED_AUTOS = YES_AGGRESSIVE;
				GCC_WARN_UNUSED_FUNCTION = YES;
				GCC_WARN_UNUSED_VARIABLE = YES;
				IPHONEOS_DEPLOYMENT_TARGET = 8.3;
				MTL_ENABLE_DEBUG_INFO = YES;
				ONLY_ACTIVE_ARCH = YES;
				SDKROOT = iphoneos;
			};
			name = Debug;
		};
		A5A6CA9B1B7CC3A400B6A091 /* Release */ = {
			isa = XCBuildConfiguration;
			buildSettings = {
				ALWAYS_SEARCH_USER_PATHS = NO;
				CLANG_CXX_LANGUAGE_STANDARD = "gnu++0x";
				CLANG_CXX_LIBRARY = "libc++";
				CLANG_ENABLE_MODULES = YES;
				CLANG_ENABLE_OBJC_ARC = YES;
				CLANG_WARN_BOOL_CONVERSION = YES;
				CLANG_WARN_CONSTANT_CONVERSION = YES;
				CLANG_WARN_DIRECT_OBJC_ISA_USAGE = YES_ERROR;
				CLANG_WARN_EMPTY_BODY = YES;
				CLANG_WARN_ENUM_CONVERSION = YES;
				CLANG_WARN_INT_CONVERSION = YES;
				CLANG_WARN_OBJC_ROOT_CLASS = YES_ERROR;
				CLANG_WARN_UNREACHABLE_CODE = YES;
				CLANG_WARN__DUPLICATE_METHOD_MATCH = YES;
				"CODE_SIGN_IDENTITY[sdk=iphoneos*]" = "iPhone Developer";
				COPY_PHASE_STRIP = NO;
				DEBUG_INFORMATION_FORMAT = "dwarf-with-dsym";
				ENABLE_NS_ASSERTIONS = NO;
				ENABLE_STRICT_OBJC_MSGSEND = YES;
				GCC_C_LANGUAGE_STANDARD = gnu99;
				GCC_NO_COMMON_BLOCKS = YES;
				GCC_WARN_64_TO_32_BIT_CONVERSION = YES;
				GCC_WARN_ABOUT_RETURN_TYPE = YES_ERROR;
				GCC_WARN_UNDECLARED_SELECTOR = YES;
				GCC_WARN_UNINITIALIZED_AUTOS = YES_AGGRESSIVE;
				GCC_WARN_UNUSED_FUNCTION = YES;
				GCC_WARN_UNUSED_VARIABLE = YES;
				IPHONEOS_DEPLOYMENT_TARGET = 8.3;
				MTL_ENABLE_DEBUG_INFO = NO;
				SDKROOT = iphoneos;
				VALIDATE_PRODUCT = YES;
			};
			name = Release;
		};
		A5A6CA9D1B7CC3A400B6A091 /* Debug */ = {
			isa = XCBuildConfiguration;
			buildSettings = {
				ASSETCATALOG_COMPILER_APPICON_NAME = AppIcon;
				INFOPLIST_FILE = "成都生活/Info.plist";
				LD_RUNPATH_SEARCH_PATHS = "$(inherited) @executable_path/Frameworks";
				PRODUCT_NAME = "$(TARGET_NAME)";
			};
			name = Debug;
		};
		A5A6CA9E1B7CC3A400B6A091 /* Release */ = {
			isa = XCBuildConfiguration;
			buildSettings = {
				ASSETCATALOG_COMPILER_APPICON_NAME = AppIcon;
				INFOPLIST_FILE = "成都生活/Info.plist";
				LD_RUNPATH_SEARCH_PATHS = "$(inherited) @executable_path/Frameworks";
				PRODUCT_NAME = "$(TARGET_NAME)";
			};
			name = Release;
		};
		A5A6CAA01B7CC3A400B6A091 /* Debug */ = {
			isa = XCBuildConfiguration;
			buildSettings = {
				BUNDLE_LOADER = "$(TEST_HOST)";
				FRAMEWORK_SEARCH_PATHS = (
					"$(SDKROOT)/Developer/Library/Frameworks",
					"$(inherited)",
				);
				GCC_PREPROCESSOR_DEFINITIONS = (
					"DEBUG=1",
					"$(inherited)",
				);
				INFOPLIST_FILE = "成都生活Tests/Info.plist";
				LD_RUNPATH_SEARCH_PATHS = "$(inherited) @executable_path/Frameworks @loader_path/Frameworks";
				PRODUCT_NAME = "$(TARGET_NAME)";
				TEST_HOST = "$(BUILT_PRODUCTS_DIR)/成都生活.app/成都生活";
			};
			name = Debug;
		};
		A5A6CAA11B7CC3A400B6A091 /* Release */ = {
			isa = XCBuildConfiguration;
			buildSettings = {
				BUNDLE_LOADER = "$(TEST_HOST)";
				FRAMEWORK_SEARCH_PATHS = (
					"$(SDKROOT)/Developer/Library/Frameworks",
					"$(inherited)",
				);
				INFOPLIST_FILE = "成都生活Tests/Info.plist";
				LD_RUNPATH_SEARCH_PATHS = "$(inherited) @executable_path/Frameworks @loader_path/Frameworks";
				PRODUCT_NAME = "$(TARGET_NAME)";
				TEST_HOST = "$(BUILT_PRODUCTS_DIR)/成都生活.app/成都生活";
			};
			name = Release;
		};
/* End XCBuildConfiguration section */

/* Begin XCConfigurationList section */
		A5A6CA741B7CC3A400B6A091 /* Build configuration list for PBXProject "成都生活" */ = {
			isa = XCConfigurationList;
			buildConfigurations = (
				A5A6CA9A1B7CC3A400B6A091 /* Debug */,
				A5A6CA9B1B7CC3A400B6A091 /* Release */,
			);
			defaultConfigurationIsVisible = 0;
			defaultConfigurationName = Release;
		};
		A5A6CA9C1B7CC3A400B6A091 /* Build configuration list for PBXNativeTarget "成都生活" */ = {
			isa = XCConfigurationList;
			buildConfigurations = (
				A5A6CA9D1B7CC3A400B6A091 /* Debug */,
				A5A6CA9E1B7CC3A400B6A091 /* Release */,
			);
			defaultConfigurationIsVisible = 0;
			defaultConfigurationName = Release;
		};
		A5A6CA9F1B7CC3A400B6A091 /* Build configuration list for PBXNativeTarget "成都生活Tests" */ = {
			isa = XCConfigurationList;
			buildConfigurations = (
				A5A6CAA01B7CC3A400B6A091 /* Debug */,
				A5A6CAA11B7CC3A400B6A091 /* Release */,
			);
			defaultConfigurationIsVisible = 0;
			defaultConfigurationName = Release;
		};
/* End XCConfigurationList section */
	};
	rootObject = A5A6CA711B7CC3A400B6A091 /* Project object */;
}
